// !$*UTF8*$!
{
	archiveVersion = 1;
	classes = {
	};
	objectVersion = 46;
	objects = {

/* Begin PBXBuildFile section */
		3447C8A2194FFDB100485A12 /* InfoPlist.strings in Resources */ = {isa = PBXBuildFile; fileRef = 3447C88A194FFDB100485A12 /* InfoPlist.strings */; };
		3447C8A3194FFDB100485A12 /* Localizable.strings in Resources */ = {isa = PBXBuildFile; fileRef = 3447C88C194FFDB100485A12 /* Localizable.strings */; };
		3447C8A4194FFDB100485A12 /* MasterViewController.xib in Resources */ = {isa = PBXBuildFile; fileRef = 3447C88E194FFDB100485A12 /* MasterViewController.xib */; };
		3447C8AC194FFDC400485A12 /* InputViewController.m in Sources */ = {isa = PBXBuildFile; fileRef = 3447C8AA194FFDC400485A12 /* InputViewController.m */; };
		3447C920194FFDDB00485A12 /* InputViewController.xib in Resources */ = {isa = PBXBuildFile; fileRef = 3447C8AD194FFDDB00485A12 /* InputViewController.xib */; };
		3447C921194FFDDB00485A12 /* InfoPlist.strings in Resources */ = {isa = PBXBuildFile; fileRef = 3447C8AF194FFDDB00485A12 /* InfoPlist.strings */; };
		3447C922194FFDDB00485A12 /* Localizable.strings in Resources */ = {isa = PBXBuildFile; fileRef = 3447C8B1194FFDDB00485A12 /* Localizable.strings */; };
		3447C923194FFDDB00485A12 /* MasterViewController.xib in Resources */ = {isa = PBXBuildFile; fileRef = 3447C8B3194FFDDB00485A12 /* MasterViewController.xib */; };
		345B8B4319500200003E5495 /* back.png in Resources */ = {isa = PBXBuildFile; fileRef = 345B8B3119500200003E5495 /* back.png */; };
		345B8B4419500200003E5495 /* back3.png in Resources */ = {isa = PBXBuildFile; fileRef = 345B8B3219500200003E5495 /* back3.png */; };
		345B8B4519500200003E5495 /* back4.png in Resources */ = {isa = PBXBuildFile; fileRef = 345B8B3319500200003E5495 /* back4.png */; };
		345B8B4619500200003E5495 /* back5.png in Resources */ = {isa = PBXBuildFile; fileRef = 345B8B3419500200003E5495 /* back5.png */; };
		345B8B4719500200003E5495 /* cancel.png in Resources */ = {isa = PBXBuildFile; fileRef = 345B8B3519500200003E5495 /* cancel.png */; };
		345B8B4819500200003E5495 /* Default-568h@2x.png in Resources */ = {isa = PBXBuildFile; fileRef = 345B8B3619500200003E5495 /* Default-568h@2x.png */; };
		345B8B4919500200003E5495 /* Default.png in Resources */ = {isa = PBXBuildFile; fileRef = 345B8B3719500200003E5495 /* Default.png */; };
		345B8B4A19500200003E5495 /* Default@2x.png in Resources */ = {isa = PBXBuildFile; fileRef = 345B8B3819500200003E5495 /* Default@2x.png */; };
		345B8B4B19500200003E5495 /* Icon-72.png in Resources */ = {isa = PBXBuildFile; fileRef = 345B8B3919500200003E5495 /* Icon-72.png */; };
		345B8B4C19500200003E5495 /* Icon-72@2x.png in Resources */ = {isa = PBXBuildFile; fileRef = 345B8B3A19500200003E5495 /* Icon-72@2x.png */; };
		345B8B4D19500200003E5495 /* Icon.png in Resources */ = {isa = PBXBuildFile; fileRef = 345B8B3B19500200003E5495 /* Icon.png */; };
		345B8B4E19500200003E5495 /* Icon@2x.png in Resources */ = {isa = PBXBuildFile; fileRef = 345B8B3C19500200003E5495 /* Icon@2x.png */; };
		345B8B4F19500200003E5495 /* image1.png in Resources */ = {isa = PBXBuildFile; fileRef = 345B8B3D19500200003E5495 /* image1.png */; };
		345B8B5019500200003E5495 /* image2.png in Resources */ = {isa = PBXBuildFile; fileRef = 345B8B3E19500200003E5495 /* image2.png */; };
		345B8B5119500200003E5495 /* image3.png in Resources */ = {isa = PBXBuildFile; fileRef = 345B8B3F19500200003E5495 /* image3.png */; };
		345B8B5219500200003E5495 /* image4.png in Resources */ = {isa = PBXBuildFile; fileRef = 345B8B4019500200003E5495 /* image4.png */; };
		345B8B5319500200003E5495 /* image5.png in Resources */ = {isa = PBXBuildFile; fileRef = 345B8B4119500200003E5495 /* image5.png */; };
		345B8B5419500200003E5495 /* ok.png in Resources */ = {isa = PBXBuildFile; fileRef = 345B8B4219500200003E5495 /* ok.png */; };
		345B8BD919500221003E5495 /* BButton.m in Sources */ = {isa = PBXBuildFile; fileRef = 345B8B5919500220003E5495 /* BButton.m */; };
		345B8BDA19500221003E5495 /* NSString+FontAwesome.m in Sources */ = {isa = PBXBuildFile; fileRef = 345B8B5B19500220003E5495 /* NSString+FontAwesome.m */; };
		345B8BDB19500221003E5495 /* FontAwesome.ttf in Resources */ = {isa = PBXBuildFile; fileRef = 345B8B5D19500220003E5495 /* FontAwesome.ttf */; };
		345B8BDC19500221003E5495 /* UIColor+BButton.m in Sources */ = {isa = PBXBuildFile; fileRef = 345B8B5F19500220003E5495 /* UIColor+BButton.m */; };
		345B8BDD19500221003E5495 /* DDSocialDialog.m in Sources */ = {isa = PBXBuildFile; fileRef = 345B8B6219500220003E5495 /* DDSocialDialog.m */; };
		345B8BDE19500221003E5495 /* DDSocialLoginDialog.m in Sources */ = {isa = PBXBuildFile; fileRef = 345B8B6419500220003E5495 /* DDSocialLoginDialog.m */; };
		345B8BDF19500221003E5495 /* EGORefreshTableHeaderView.m in Sources */ = {isa = PBXBuildFile; fileRef = 345B8B6919500220003E5495 /* EGORefreshTableHeaderView.m */; };
		345B8BE019500221003E5495 /* blackArrow.png in Resources */ = {isa = PBXBuildFile; fileRef = 345B8B6B19500220003E5495 /* blackArrow.png */; };
		345B8BE119500221003E5495 /* blackArrow@2x.png in Resources */ = {isa = PBXBuildFile; fileRef = 345B8B6C19500220003E5495 /* blackArrow@2x.png */; };
		345B8BE219500221003E5495 /* blueArrow.png in Resources */ = {isa = PBXBuildFile; fileRef = 345B8B6D19500220003E5495 /* blueArrow.png */; };
		345B8BE319500221003E5495 /* blueArrow@2x.png in Resources */ = {isa = PBXBuildFile; fileRef = 345B8B6E19500220003E5495 /* blueArrow@2x.png */; };
		345B8BE419500221003E5495 /* grayArrow.png in Resources */ = {isa = PBXBuildFile; fileRef = 345B8B6F19500220003E5495 /* grayArrow.png */; };
		345B8BE519500221003E5495 /* grayArrow@2x.png in Resources */ = {isa = PBXBuildFile; fileRef = 345B8B7019500220003E5495 /* grayArrow@2x.png */; };
		345B8BE619500221003E5495 /* whiteArrow.png in Resources */ = {isa = PBXBuildFile; fileRef = 345B8B7119500220003E5495 /* whiteArrow.png */; };
		345B8BE719500221003E5495 /* whiteArrow@2x.png in Resources */ = {isa = PBXBuildFile; fileRef = 345B8B7219500220003E5495 /* whiteArrow@2x.png */; };
		345B8BE819500221003E5495 /* .gitignore in Resources */ = {isa = PBXBuildFile; fileRef = 345B8B7519500220003E5495 /* .gitignore */; };
		345B8BE919500221003E5495 /* Appirater.m in Sources */ = {isa = PBXBuildFile; fileRef = 345B8B7719500220003E5495 /* Appirater.m */; };
		345B8BEA19500221003E5495 /* Appirater.podspec in Resources */ = {isa = PBXBuildFile; fileRef = 345B8B7819500220003E5495 /* Appirater.podspec */; };
		345B8BEB19500221003E5495 /* AppiraterLocalizable.strings in Resources */ = {isa = PBXBuildFile; fileRef = 345B8B7A19500220003E5495 /* AppiraterLocalizable.strings */; };
		345B8BEC19500221003E5495 /* NSString+Trim.m in Sources */ = {isa = PBXBuildFile; fileRef = 345B8B8019500220003E5495 /* NSString+Trim.m */; };
		345B8BED19500221003E5495 /* UIFont+Alert.m in Sources */ = {isa = PBXBuildFile; fileRef = 345B8B8219500220003E5495 /* UIFont+Alert.m */; };
		345B8BEE19500221003E5495 /* UIView+Alert.m in Sources */ = {isa = PBXBuildFile; fileRef = 345B8B8419500220003E5495 /* UIView+Alert.m */; };
		345B8BEF19500221003E5495 /* MBAlertAbstract.m in Sources */ = {isa = PBXBuildFile; fileRef = 345B8B8619500220003E5495 /* MBAlertAbstract.m */; };
		345B8BF019500221003E5495 /* MBAlertView.m in Sources */ = {isa = PBXBuildFile; fileRef = 345B8B8819500220003E5495 /* MBAlertView.m */; };
		345B8BF119500221003E5495 /* MBHUDView.m in Sources */ = {isa = PBXBuildFile; fileRef = 345B8B8A19500220003E5495 /* MBHUDView.m */; };
		345B8BF219500221003E5495 /* MBAlertViewItem.m in Sources */ = {isa = PBXBuildFile; fileRef = 345B8B8D19500221003E5495 /* MBAlertViewItem.m */; };
		345B8BF319500221003E5495 /* MBAlertViewButton.m in Sources */ = {isa = PBXBuildFile; fileRef = 345B8B9219500221003E5495 /* MBAlertViewButton.m */; };
		345B8BF419500221003E5495 /* MBCheckMarkView.m in Sources */ = {isa = PBXBuildFile; fileRef = 345B8B9419500221003E5495 /* MBCheckMarkView.m */; };
		345B8BF519500221003E5495 /* MBSpinningCircle.m in Sources */ = {isa = PBXBuildFile; fileRef = 345B8B9619500221003E5495 /* MBSpinningCircle.m */; };
		345B8BF619500221003E5495 /* NotiView.m in Sources */ = {isa = PBXBuildFile; fileRef = 345B8B9919500221003E5495 /* NotiView.m */; };
		345B8BF719500221003E5495 /* NSTimer+Blocks.m in Sources */ = {isa = PBXBuildFile; fileRef = 345B8B9C19500221003E5495 /* NSTimer+Blocks.m */; };
		345B8BF819500221003E5495 /* ODRefreshControl.m in Sources */ = {isa = PBXBuildFile; fileRef = 345B8B9F19500221003E5495 /* ODRefreshControl.m */; };
		345B8BF919500221003E5495 /* apple calendar.plist in Resources */ = {isa = PBXBuildFile; fileRef = 345B8BA119500221003E5495 /* apple calendar.plist */; };
		345B8BFA19500221003E5495 /* background.png in Resources */ = {isa = PBXBuildFile; fileRef = 345B8BA219500221003E5495 /* background.png */; };
		345B8BFB19500221003E5495 /* background@2x.png in Resources */ = {isa = PBXBuildFile; fileRef = 345B8BA319500221003E5495 /* background@2x.png */; };
		345B8BFC19500221003E5495 /* NSDate+CalendarHelper.m in Sources */ = {isa = PBXBuildFile; fileRef = 345B8BA519500221003E5495 /* NSDate+CalendarHelper.m */; };
		345B8BFD19500221003E5495 /* OKCalendarBackgroundView.m in Sources */ = {isa = PBXBuildFile; fileRef = 345B8BA719500221003E5495 /* OKCalendarBackgroundView.m */; };
		345B8BFE19500221003E5495 /* OKCalendarView.m in Sources */ = {isa = PBXBuildFile; fileRef = 345B8BAB19500221003E5495 /* OKCalendarView.m */; };
		345B8BFF19500221003E5495 /* OKDaysView.m in Sources */ = {isa = PBXBuildFile; fileRef = 345B8BAD19500221003E5495 /* OKDaysView.m */; };
		345B8C0019500221003E5495 /* OKDimmingView.m in Sources */ = {isa = PBXBuildFile; fileRef = 345B8BAF19500221003E5495 /* OKDimmingView.m */; };
		345B8C0119500221003E5495 /* OKPeriod.m in Sources */ = {isa = PBXBuildFile; fileRef = 345B8BB119500221003E5495 /* OKPeriod.m */; };
		345B8C0219500221003E5495 /* OKPopoverCalendarController.m in Sources */ = {isa = PBXBuildFile; fileRef = 345B8BB419500221003E5495 /* OKPopoverCalendarController.m */; };
		345B8C0319500221003E5495 /* OKSelectionView.m in Sources */ = {isa = PBXBuildFile; fileRef = 345B8BB619500221003E5495 /* OKSelectionView.m */; };
		345B8C0419500221003E5495 /* OKThemeEngine.m in Sources */ = {isa = PBXBuildFile; fileRef = 345B8BB919500221003E5495 /* OKThemeEngine.m */; };
		345B8C0519500221003E5495 /* OKThemeShadow.m in Sources */ = {isa = PBXBuildFile; fileRef = 345B8BBB19500221003E5495 /* OKThemeShadow.m */; };
		345B8C0619500221003E5495 /* TSMessage.m in Sources */ = {isa = PBXBuildFile; fileRef = 345B8BBF19500221003E5495 /* TSMessage.m */; };
		345B8C0719500221003E5495 /* UIColor+MLColorAdditions.m in Sources */ = {isa = PBXBuildFile; fileRef = 345B8BC219500221003E5495 /* UIColor+MLColorAdditions.m */; };
		345B8C0819500221003E5495 /* design.json in Resources */ = {isa = PBXBuildFile; fileRef = 345B8BC419500221003E5495 /* design.json */; };
		345B8C0919500221003E5495 /* NotificationBackgroundError.png in Resources */ = {isa = PBXBuildFile; fileRef = 345B8BC619500221003E5495 /* NotificationBackgroundError.png */; };
		345B8C0A19500221003E5495 /* NotificationBackgroundError@2x.png in Resources */ = {isa = PBXBuildFile; fileRef = 345B8BC719500221003E5495 /* NotificationBackgroundError@2x.png */; };
		345B8C0B19500221003E5495 /* NotificationBackgroundErrorIcon.png in Resources */ = {isa = PBXBuildFile; fileRef = 345B8BC819500221003E5495 /* NotificationBackgroundErrorIcon.png */; };
		345B8C0C19500221003E5495 /* NotificationBackgroundErrorIcon@2x.png in Resources */ = {isa = PBXBuildFile; fileRef = 345B8BC919500221003E5495 /* NotificationBackgroundErrorIcon@2x.png */; };
		345B8C0D19500221003E5495 /* NotificationBackgroundMessage.png in Resources */ = {isa = PBXBuildFile; fileRef = 345B8BCA19500221003E5495 /* NotificationBackgroundMessage.png */; };
		345B8C0E19500221003E5495 /* NotificationBackgroundMessage@2x.png in Resources */ = {isa = PBXBuildFile; fileRef = 345B8BCB19500221003E5495 /* NotificationBackgroundMessage@2x.png */; };
		345B8C0F19500221003E5495 /* NotificationBackgroundSuccess.png in Resources */ = {isa = PBXBuildFile; fileRef = 345B8BCC19500221003E5495 /* NotificationBackgroundSuccess.png */; };
		345B8C1019500221003E5495 /* NotificationBackgroundSuccess@2x.png in Resources */ = {isa = PBXBuildFile; fileRef = 345B8BCD19500221003E5495 /* NotificationBackgroundSuccess@2x.png */; };
		345B8C1119500221003E5495 /* NotificationBackgroundSuccessIcon.png in Resources */ = {isa = PBXBuildFile; fileRef = 345B8BCE19500221003E5495 /* NotificationBackgroundSuccessIcon.png */; };
		345B8C1219500221003E5495 /* NotificationBackgroundSuccessIcon@2x.png in Resources */ = {isa = PBXBuildFile; fileRef = 345B8BCF19500221003E5495 /* NotificationBackgroundSuccessIcon@2x.png */; };
		345B8C1319500221003E5495 /* NotificationBackgroundWarning.png in Resources */ = {isa = PBXBuildFile; fileRef = 345B8BD019500221003E5495 /* NotificationBackgroundWarning.png */; };
		345B8C1419500221003E5495 /* NotificationBackgroundWarning@2x.png in Resources */ = {isa = PBXBuildFile; fileRef = 345B8BD119500221003E5495 /* NotificationBackgroundWarning@2x.png */; };
		345B8C1519500221003E5495 /* NotificationBackgroundWarningIcon.png in Resources */ = {isa = PBXBuildFile; fileRef = 345B8BD219500221003E5495 /* NotificationBackgroundWarningIcon.png */; };
		345B8C1619500221003E5495 /* NotificationBackgroundWarningIcon@2x.png in Resources */ = {isa = PBXBuildFile; fileRef = 345B8BD319500221003E5495 /* NotificationBackgroundWarningIcon@2x.png */; };
		345B8C1719500221003E5495 /* NotificationButtonBackground.png in Resources */ = {isa = PBXBuildFile; fileRef = 345B8BD419500221003E5495 /* NotificationButtonBackground.png */; };
		345B8C1819500221003E5495 /* NotificationButtonBackground@2x.png in Resources */ = {isa = PBXBuildFile; fileRef = 345B8BD519500221003E5495 /* NotificationButtonBackground@2x.png */; };
		345B8C1919500221003E5495 /* TSMessageView.m in Sources */ = {isa = PBXBuildFile; fileRef = 345B8BD819500221003E5495 /* TSMessageView.m */; };
		3469086B1789307700568BD8 /* TextViewController.m in Sources */ = {isa = PBXBuildFile; fileRef = 346908691789307700568BD8 /* TextViewController.m */; };
		3469086C1789307700568BD8 /* TextViewController.xib in Resources */ = {isa = PBXBuildFile; fileRef = 3469086A1789307700568BD8 /* TextViewController.xib */; };
		3492923F1738E9C600AF537C /* UIKit.framework in Frameworks */ = {isa = PBXBuildFile; fileRef = 3492923E1738E9C600AF537C /* UIKit.framework */; };
		349292411738E9C600AF537C /* Foundation.framework in Frameworks */ = {isa = PBXBuildFile; fileRef = 349292401738E9C600AF537C /* Foundation.framework */; };
		349292431738E9C600AF537C /* CoreGraphics.framework in Frameworks */ = {isa = PBXBuildFile; fileRef = 349292421738E9C600AF537C /* CoreGraphics.framework */; };
		349292491738E9C600AF537C /* InfoPlist.strings in Resources */ = {isa = PBXBuildFile; fileRef = 349292471738E9C600AF537C /* InfoPlist.strings */; };
		3492924B1738E9C600AF537C /* main.m in Sources */ = {isa = PBXBuildFile; fileRef = 3492924A1738E9C600AF537C /* main.m */; };
		3492924F1738E9C600AF537C /* AppDelegate.m in Sources */ = {isa = PBXBuildFile; fileRef = 3492924E1738E9C600AF537C /* AppDelegate.m */; };
		349292581738E9C600AF537C /* MasterViewController.m in Sources */ = {isa = PBXBuildFile; fileRef = 349292571738E9C600AF537C /* MasterViewController.m */; };
		3492925E1738E9C700AF537C /* MasterViewController.xib in Resources */ = {isa = PBXBuildFile; fileRef = 3492925C1738E9C700AF537C /* MasterViewController.xib */; };
		349B1518174DCAC0004DA294 /* Localizable.strings in Resources */ = {isa = PBXBuildFile; fileRef = 349B151A174DCAC0004DA294 /* Localizable.strings */; };
		349B152E174DE234004DA294 /* CFNetwork.framework in Frameworks */ = {isa = PBXBuildFile; fileRef = 349B152B174DE232004DA294 /* CFNetwork.framework */; };
		349B152F174DE234004DA294 /* StoreKit.framework in Frameworks */ = {isa = PBXBuildFile; fileRef = 349B152C174DE232004DA294 /* StoreKit.framework */; };
		349B1530174DE234004DA294 /* SystemConfiguration.framework in Frameworks */ = {isa = PBXBuildFile; fileRef = 349B152D174DE233004DA294 /* SystemConfiguration.framework */; };
		349D5A371746192600C1B841 /* QuartzCore.framework in Frameworks */ = {isa = PBXBuildFile; fileRef = 349D5A361746192600C1B841 /* QuartzCore.framework */; };
		34BD3C00174A1C5B00741A4B /* CoreText.framework in Frameworks */ = {isa = PBXBuildFile; fileRef = 34BD3BFF174A1C5B00741A4B /* CoreText.framework */; };
/* End PBXBuildFile section */

/* Begin PBXFileReference section */
		3447C88B194FFDB100485A12 /* en */ = {isa = PBXFileReference; lastKnownFileType = text.plist.strings; name = en; path = InfoPlist.strings; sourceTree = "<group>"; };
		3447C88D194FFDB100485A12 /* en */ = {isa = PBXFileReference; lastKnownFileType = text.plist.strings; name = en; path = Localizable.strings; sourceTree = "<group>"; };
		3447C88F194FFDB100485A12 /* en */ = {isa = PBXFileReference; lastKnownFileType = file.xib; name = en; path = MasterViewController.xib; sourceTree = "<group>"; };
		3447C8A9194FFDC400485A12 /* InputViewController.h */ = {isa = PBXFileReference; fileEncoding = 4; lastKnownFileType = sourcecode.c.h; path = InputViewController.h; sourceTree = "<group>"; };
		3447C8AA194FFDC400485A12 /* InputViewController.m */ = {isa = PBXFileReference; fileEncoding = 4; lastKnownFileType = sourcecode.c.objc; path = InputViewController.m; sourceTree = "<group>"; };
		3447C8AD194FFDDB00485A12 /* InputViewController.xib */ = {isa = PBXFileReference; fileEncoding = 4; lastKnownFileType = file.xib; path = InputViewController.xib; sourceTree = "<group>"; };
		3447C8B0194FFDDB00485A12 /* ja */ = {isa = PBXFileReference; lastKnownFileType = text.plist.strings; name = ja; path = InfoPlist.strings; sourceTree = "<group>"; };
		3447C8B2194FFDDB00485A12 /* ja */ = {isa = PBXFileReference; lastKnownFileType = text.plist.strings; name = ja; path = Localizable.strings; sourceTree = "<group>"; };
		3447C8B4194FFDDB00485A12 /* ja */ = {isa = PBXFileReference; lastKnownFileType = file.xib; name = ja; path = MasterViewController.xib; sourceTree = "<group>"; };
		345B8B3119500200003E5495 /* back.png */ = {isa = PBXFileReference; lastKnownFileType = image.png; path = back.png; sourceTree = "<group>"; };
		345B8B3219500200003E5495 /* back3.png */ = {isa = PBXFileReference; lastKnownFileType = image.png; path = back3.png; sourceTree = "<group>"; };
		345B8B3319500200003E5495 /* back4.png */ = {isa = PBXFileReference; lastKnownFileType = image.png; path = back4.png; sourceTree = "<group>"; };
		345B8B3419500200003E5495 /* back5.png */ = {isa = PBXFileReference; lastKnownFileType = image.png; path = back5.png; sourceTree = "<group>"; };
		345B8B3519500200003E5495 /* cancel.png */ = {isa = PBXFileReference; lastKnownFileType = image.png; path = cancel.png; sourceTree = "<group>"; };
		345B8B3619500200003E5495 /* Default-568h@2x.png */ = {isa = PBXFileReference; lastKnownFileType = image.png; path = "Default-568h@2x.png"; sourceTree = "<group>"; };
		345B8B3719500200003E5495 /* Default.png */ = {isa = PBXFileReference; lastKnownFileType = image.png; path = Default.png; sourceTree = "<group>"; };
		345B8B3819500200003E5495 /* Default@2x.png */ = {isa = PBXFileReference; lastKnownFileType = image.png; path = "Default@2x.png"; sourceTree = "<group>"; };
		345B8B3919500200003E5495 /* Icon-72.png */ = {isa = PBXFileReference; lastKnownFileType = image.png; path = "Icon-72.png"; sourceTree = "<group>"; };
		345B8B3A19500200003E5495 /* Icon-72@2x.png */ = {isa = PBXFileReference; lastKnownFileType = image.png; path = "Icon-72@2x.png"; sourceTree = "<group>"; };
		345B8B3B19500200003E5495 /* Icon.png */ = {isa = PBXFileReference; lastKnownFileType = image.png; path = Icon.png; sourceTree = "<group>"; };
		345B8B3C19500200003E5495 /* Icon@2x.png */ = {isa = PBXFileReference; lastKnownFileType = image.png; path = "Icon@2x.png"; sourceTree = "<group>"; };
		345B8B3D19500200003E5495 /* image1.png */ = {isa = PBXFileReference; lastKnownFileType = image.png; path = image1.png; sourceTree = "<group>"; };
		345B8B3E19500200003E5495 /* image2.png */ = {isa = PBXFileReference; lastKnownFileType = image.png; path = image2.png; sourceTree = "<group>"; };
		345B8B3F19500200003E5495 /* image3.png */ = {isa = PBXFileReference; lastKnownFileType = image.png; path = image3.png; sourceTree = "<group>"; };
		345B8B4019500200003E5495 /* image4.png */ = {isa = PBXFileReference; lastKnownFileType = image.png; path = image4.png; sourceTree = "<group>"; };
		345B8B4119500200003E5495 /* image5.png */ = {isa = PBXFileReference; lastKnownFileType = image.png; path = image5.png; sourceTree = "<group>"; };
		345B8B4219500200003E5495 /* ok.png */ = {isa = PBXFileReference; lastKnownFileType = image.png; path = ok.png; sourceTree = "<group>"; };
		345B8B5819500220003E5495 /* BButton.h */ = {isa = PBXFileReference; fileEncoding = 4; lastKnownFileType = sourcecode.c.h; path = BButton.h; sourceTree = "<group>"; };
		345B8B5919500220003E5495 /* BButton.m */ = {isa = PBXFileReference; fileEncoding = 4; lastKnownFileType = sourcecode.c.objc; path = BButton.m; sourceTree = "<group>"; };
		345B8B5A19500220003E5495 /* NSString+FontAwesome.h */ = {isa = PBXFileReference; fileEncoding = 4; lastKnownFileType = sourcecode.c.h; path = "NSString+FontAwesome.h"; sourceTree = "<group>"; };
		345B8B5B19500220003E5495 /* NSString+FontAwesome.m */ = {isa = PBXFileReference; fileEncoding = 4; lastKnownFileType = sourcecode.c.objc; path = "NSString+FontAwesome.m"; sourceTree = "<group>"; };
		345B8B5D19500220003E5495 /* FontAwesome.ttf */ = {isa = PBXFileReference; lastKnownFileType = file; path = FontAwesome.ttf; sourceTree = "<group>"; };
		345B8B5E19500220003E5495 /* UIColor+BButton.h */ = {isa = PBXFileReference; fileEncoding = 4; lastKnownFileType = sourcecode.c.h; path = "UIColor+BButton.h"; sourceTree = "<group>"; };
		345B8B5F19500220003E5495 /* UIColor+BButton.m */ = {isa = PBXFileReference; fileEncoding = 4; lastKnownFileType = sourcecode.c.objc; path = "UIColor+BButton.m"; sourceTree = "<group>"; };
		345B8B6119500220003E5495 /* DDSocialDialog.h */ = {isa = PBXFileReference; fileEncoding = 4; lastKnownFileType = sourcecode.c.h; path = DDSocialDialog.h; sourceTree = "<group>"; };
		345B8B6219500220003E5495 /* DDSocialDialog.m */ = {isa = PBXFileReference; fileEncoding = 4; lastKnownFileType = sourcecode.c.objc; path = DDSocialDialog.m; sourceTree = "<group>"; };
		345B8B6319500220003E5495 /* DDSocialLoginDialog.h */ = {isa = PBXFileReference; fileEncoding = 4; lastKnownFileType = sourcecode.c.h; path = DDSocialLoginDialog.h; sourceTree = "<group>"; };
		345B8B6419500220003E5495 /* DDSocialLoginDialog.m */ = {isa = PBXFileReference; fileEncoding = 4; lastKnownFileType = sourcecode.c.objc; path = DDSocialLoginDialog.m; sourceTree = "<group>"; };
		345B8B6819500220003E5495 /* EGORefreshTableHeaderView.h */ = {isa = PBXFileReference; fileEncoding = 4; lastKnownFileType = sourcecode.c.h; path = EGORefreshTableHeaderView.h; sourceTree = "<group>"; };
		345B8B6919500220003E5495 /* EGORefreshTableHeaderView.m */ = {isa = PBXFileReference; fileEncoding = 4; lastKnownFileType = sourcecode.c.objc; path = EGORefreshTableHeaderView.m; sourceTree = "<group>"; };
		345B8B6B19500220003E5495 /* blackArrow.png */ = {isa = PBXFileReference; lastKnownFileType = image.png; path = blackArrow.png; sourceTree = "<group>"; };
		345B8B6C19500220003E5495 /* blackArrow@2x.png */ = {isa = PBXFileReference; lastKnownFileType = image.png; path = "blackArrow@2x.png"; sourceTree = "<group>"; };
		345B8B6D19500220003E5495 /* blueArrow.png */ = {isa = PBXFileReference; lastKnownFileType = image.png; path = blueArrow.png; sourceTree = "<group>"; };
		345B8B6E19500220003E5495 /* blueArrow@2x.png */ = {isa = PBXFileReference; lastKnownFileType = image.png; path = "blueArrow@2x.png"; sourceTree = "<group>"; };
		345B8B6F19500220003E5495 /* grayArrow.png */ = {isa = PBXFileReference; lastKnownFileType = image.png; path = grayArrow.png; sourceTree = "<group>"; };
		345B8B7019500220003E5495 /* grayArrow@2x.png */ = {isa = PBXFileReference; lastKnownFileType = image.png; path = "grayArrow@2x.png"; sourceTree = "<group>"; };
		345B8B7119500220003E5495 /* whiteArrow.png */ = {isa = PBXFileReference; lastKnownFileType = image.png; path = whiteArrow.png; sourceTree = "<group>"; };
		345B8B7219500220003E5495 /* whiteArrow@2x.png */ = {isa = PBXFileReference; lastKnownFileType = image.png; path = "whiteArrow@2x.png"; sourceTree = "<group>"; };
		345B8B7519500220003E5495 /* .gitignore */ = {isa = PBXFileReference; fileEncoding = 4; lastKnownFileType = text; path = .gitignore; sourceTree = "<group>"; };
		345B8B7619500220003E5495 /* Appirater.h */ = {isa = PBXFileReference; fileEncoding = 4; lastKnownFileType = sourcecode.c.h; path = Appirater.h; sourceTree = "<group>"; };
		345B8B7719500220003E5495 /* Appirater.m */ = {isa = PBXFileReference; fileEncoding = 4; lastKnownFileType = sourcecode.c.objc; path = Appirater.m; sourceTree = "<group>"; };
		345B8B7819500220003E5495 /* Appirater.podspec */ = {isa = PBXFileReference; fileEncoding = 4; lastKnownFileType = text; path = Appirater.podspec; sourceTree = "<group>"; };
		345B8B7919500220003E5495 /* AppiraterDelegate.h */ = {isa = PBXFileReference; fileEncoding = 4; lastKnownFileType = sourcecode.c.h; path = AppiraterDelegate.h; sourceTree = "<group>"; };
		345B8B7B19500220003E5495 /* en */ = {isa = PBXFileReference; lastKnownFileType = text.plist.strings; name = en; path = en.lproj/AppiraterLocalizable.strings; sourceTree = "<group>"; };
		345B8B7C19500220003E5495 /* ja */ = {isa = PBXFileReference; lastKnownFileType = text.plist.strings; name = ja; path = ja.lproj/AppiraterLocalizable.strings; sourceTree = "<group>"; };
		345B8B7F19500220003E5495 /* NSString+Trim.h */ = {isa = PBXFileReference; fileEncoding = 4; lastKnownFileType = sourcecode.c.h; path = "NSString+Trim.h"; sourceTree = "<group>"; };
		345B8B8019500220003E5495 /* NSString+Trim.m */ = {isa = PBXFileReference; fileEncoding = 4; lastKnownFileType = sourcecode.c.objc; path = "NSString+Trim.m"; sourceTree = "<group>"; };
		345B8B8119500220003E5495 /* UIFont+Alert.h */ = {isa = PBXFileReference; fileEncoding = 4; lastKnownFileType = sourcecode.c.h; path = "UIFont+Alert.h"; sourceTree = "<group>"; };
		345B8B8219500220003E5495 /* UIFont+Alert.m */ = {isa = PBXFileReference; fileEncoding = 4; lastKnownFileType = sourcecode.c.objc; path = "UIFont+Alert.m"; sourceTree = "<group>"; };
		345B8B8319500220003E5495 /* UIView+Alert.h */ = {isa = PBXFileReference; fileEncoding = 4; lastKnownFileType = sourcecode.c.h; path = "UIView+Alert.h"; sourceTree = "<group>"; };
		345B8B8419500220003E5495 /* UIView+Alert.m */ = {isa = PBXFileReference; fileEncoding = 4; lastKnownFileType = sourcecode.c.objc; path = "UIView+Alert.m"; sourceTree = "<group>"; };
		345B8B8519500220003E5495 /* MBAlertAbstract.h */ = {isa = PBXFileReference; fileEncoding = 4; lastKnownFileType = sourcecode.c.h; path = MBAlertAbstract.h; sourceTree = "<group>"; };
		345B8B8619500220003E5495 /* MBAlertAbstract.m */ = {isa = PBXFileReference; fileEncoding = 4; lastKnownFileType = sourcecode.c.objc; path = MBAlertAbstract.m; sourceTree = "<group>"; };
		345B8B8719500220003E5495 /* MBAlertView.h */ = {isa = PBXFileReference; fileEncoding = 4; lastKnownFileType = sourcecode.c.h; path = MBAlertView.h; sourceTree = "<group>"; };
		345B8B8819500220003E5495 /* MBAlertView.m */ = {isa = PBXFileReference; fileEncoding = 4; lastKnownFileType = sourcecode.c.objc; path = MBAlertView.m; sourceTree = "<group>"; };
		345B8B8919500220003E5495 /* MBHUDView.h */ = {isa = PBXFileReference; fileEncoding = 4; lastKnownFileType = sourcecode.c.h; path = MBHUDView.h; sourceTree = "<group>"; };
		345B8B8A19500220003E5495 /* MBHUDView.m */ = {isa = PBXFileReference; fileEncoding = 4; lastKnownFileType = sourcecode.c.objc; path = MBHUDView.m; sourceTree = "<group>"; };
		345B8B8C19500221003E5495 /* MBAlertViewItem.h */ = {isa = PBXFileReference; fileEncoding = 4; lastKnownFileType = sourcecode.c.h; path = MBAlertViewItem.h; sourceTree = "<group>"; };
		345B8B8D19500221003E5495 /* MBAlertViewItem.m */ = {isa = PBXFileReference; fileEncoding = 4; lastKnownFileType = sourcecode.c.objc; path = MBAlertViewItem.m; sourceTree = "<group>"; };
		345B8B8E19500221003E5495 /* MBAlertViewSubclass.h */ = {isa = PBXFileReference; fileEncoding = 4; lastKnownFileType = sourcecode.c.h; path = MBAlertViewSubclass.h; sourceTree = "<group>"; };
		345B8B9019500221003E5495 /* AlertViewUI.h */ = {isa = PBXFileReference; fileEncoding = 4; lastKnownFileType = sourcecode.c.h; path = AlertViewUI.h; sourceTree = "<group>"; };
		345B8B9119500221003E5495 /* MBAlertViewButton.h */ = {isa = PBXFileReference; fileEncoding = 4; lastKnownFileType = sourcecode.c.h; path = MBAlertViewButton.h; sourceTree = "<group>"; };
		345B8B9219500221003E5495 /* MBAlertViewButton.m */ = {isa = PBXFileReference; fileEncoding = 4; lastKnownFileType = sourcecode.c.objc; path = MBAlertViewButton.m; sourceTree = "<group>"; };
		345B8B9319500221003E5495 /* MBCheckMarkView.h */ = {isa = PBXFileReference; fileEncoding = 4; lastKnownFileType = sourcecode.c.h; path = MBCheckMarkView.h; sourceTree = "<group>"; };
		345B8B9419500221003E5495 /* MBCheckMarkView.m */ = {isa = PBXFileReference; fileEncoding = 4; lastKnownFileType = sourcecode.c.objc; path = MBCheckMarkView.m; sourceTree = "<group>"; };
		345B8B9519500221003E5495 /* MBSpinningCircle.h */ = {isa = PBXFileReference; fileEncoding = 4; lastKnownFileType = sourcecode.c.h; path = MBSpinningCircle.h; sourceTree = "<group>"; };
		345B8B9619500221003E5495 /* MBSpinningCircle.m */ = {isa = PBXFileReference; fileEncoding = 4; lastKnownFileType = sourcecode.c.objc; path = MBSpinningCircle.m; sourceTree = "<group>"; };
		345B8B9819500221003E5495 /* NotiView.h */ = {isa = PBXFileReference; fileEncoding = 4; lastKnownFileType = sourcecode.c.h; path = NotiView.h; sourceTree = "<group>"; };
		345B8B9919500221003E5495 /* NotiView.m */ = {isa = PBXFileReference; fileEncoding = 4; lastKnownFileType = sourcecode.c.objc; path = NotiView.m; sourceTree = "<group>"; };
		345B8B9B19500221003E5495 /* NSTimer+Blocks.h */ = {isa = PBXFileReference; fileEncoding = 4; lastKnownFileType = sourcecode.c.h; path = "NSTimer+Blocks.h"; sourceTree = "<group>"; };
		345B8B9C19500221003E5495 /* NSTimer+Blocks.m */ = {isa = PBXFileReference; fileEncoding = 4; lastKnownFileType = sourcecode.c.objc; path = "NSTimer+Blocks.m"; sourceTree = "<group>"; };
		345B8B9E19500221003E5495 /* ODRefreshControl.h */ = {isa = PBXFileReference; fileEncoding = 4; lastKnownFileType = sourcecode.c.h; path = ODRefreshControl.h; sourceTree = "<group>"; };
		345B8B9F19500221003E5495 /* ODRefreshControl.m */ = {isa = PBXFileReference; fileEncoding = 4; lastKnownFileType = sourcecode.c.objc; path = ODRefreshControl.m; sourceTree = "<group>"; };
		345B8BA119500221003E5495 /* apple calendar.plist */ = {isa = PBXFileReference; fileEncoding = 4; lastKnownFileType = text.plist.xml; path = "apple calendar.plist"; sourceTree = "<group>"; };
		345B8BA219500221003E5495 /* background.png */ = {isa = PBXFileReference; lastKnownFileType = image.png; path = background.png; sourceTree = "<group>"; };
		345B8BA319500221003E5495 /* background@2x.png */ = {isa = PBXFileReference; lastKnownFileType = image.png; path = "background@2x.png"; sourceTree = "<group>"; };
		345B8BA419500221003E5495 /* NSDate+CalendarHelper.h */ = {isa = PBXFileReference; fileEncoding = 4; lastKnownFileType = sourcecode.c.h; path = "NSDate+CalendarHelper.h"; sourceTree = "<group>"; };
		345B8BA519500221003E5495 /* NSDate+CalendarHelper.m */ = {isa = PBXFileReference; fileEncoding = 4; lastKnownFileType = sourcecode.c.objc; path = "NSDate+CalendarHelper.m"; sourceTree = "<group>"; };
		345B8BA619500221003E5495 /* OKCalendarBackgroundView.h */ = {isa = PBXFileReference; fileEncoding = 4; lastKnownFileType = sourcecode.c.h; path = OKCalendarBackgroundView.h; sourceTree = "<group>"; };
		345B8BA719500221003E5495 /* OKCalendarBackgroundView.m */ = {isa = PBXFileReference; fileEncoding = 4; lastKnownFileType = sourcecode.c.objc; path = OKCalendarBackgroundView.m; sourceTree = "<group>"; };
		345B8BA819500221003E5495 /* OKCalendarConstants.h */ = {isa = PBXFileReference; fileEncoding = 4; lastKnownFileType = sourcecode.c.h; path = OKCalendarConstants.h; sourceTree = "<group>"; };
		345B8BA919500221003E5495 /* OKCalendarHelper.h */ = {isa = PBXFileReference; fileEncoding = 4; lastKnownFileType = sourcecode.c.h; path = OKCalendarHelper.h; sourceTree = "<group>"; };
		345B8BAA19500221003E5495 /* OKCalendarView.h */ = {isa = PBXFileReference; fileEncoding = 4; lastKnownFileType = sourcecode.c.h; path = OKCalendarView.h; sourceTree = "<group>"; };
		345B8BAB19500221003E5495 /* OKCalendarView.m */ = {isa = PBXFileReference; fileEncoding = 4; lastKnownFileType = sourcecode.c.objc; path = OKCalendarView.m; sourceTree = "<group>"; };
		345B8BAC19500221003E5495 /* OKDaysView.h */ = {isa = PBXFileReference; fileEncoding = 4; lastKnownFileType = sourcecode.c.h; path = OKDaysView.h; sourceTree = "<group>"; };
		345B8BAD19500221003E5495 /* OKDaysView.m */ = {isa = PBXFileReference; fileEncoding = 4; lastKnownFileType = sourcecode.c.objc; path = OKDaysView.m; sourceTree = "<group>"; };
		345B8BAE19500221003E5495 /* OKDimmingView.h */ = {isa = PBXFileReference; fileEncoding = 4; lastKnownFileType = sourcecode.c.h; path = OKDimmingView.h; sourceTree = "<group>"; };
		345B8BAF19500221003E5495 /* OKDimmingView.m */ = {isa = PBXFileReference; fileEncoding = 4; lastKnownFileType = sourcecode.c.objc; path = OKDimmingView.m; sourceTree = "<group>"; };
		345B8BB019500221003E5495 /* OKPeriod.h */ = {isa = PBXFileReference; fileEncoding = 4; lastKnownFileType = sourcecode.c.h; path = OKPeriod.h; sourceTree = "<group>"; };
		345B8BB119500221003E5495 /* OKPeriod.m */ = {isa = PBXFileReference; fileEncoding = 4; lastKnownFileType = sourcecode.c.objc; path = OKPeriod.m; sourceTree = "<group>"; };
		345B8BB219500221003E5495 /* OKPopoverCalendar.h */ = {isa = PBXFileReference; fileEncoding = 4; lastKnownFileType = sourcecode.c.h; path = OKPopoverCalendar.h; sourceTree = "<group>"; };
		345B8BB319500221003E5495 /* OKPopoverCalendarController.h */ = {isa = PBXFileReference; fileEncoding = 4; lastKnownFileType = sourcecode.c.h; path = OKPopoverCalendarController.h; sourceTree = "<group>"; };
		345B8BB419500221003E5495 /* OKPopoverCalendarController.m */ = {isa = PBXFileReference; fileEncoding = 4; lastKnownFileType = sourcecode.c.objc; path = OKPopoverCalendarController.m; sourceTree = "<group>"; };
		345B8BB519500221003E5495 /* OKSelectionView.h */ = {isa = PBXFileReference; fileEncoding = 4; lastKnownFileType = sourcecode.c.h; path = OKSelectionView.h; sourceTree = "<group>"; };
		345B8BB619500221003E5495 /* OKSelectionView.m */ = {isa = PBXFileReference; fileEncoding = 4; lastKnownFileType = sourcecode.c.objc; path = OKSelectionView.m; sourceTree = "<group>"; };
		345B8BB719500221003E5495 /* OKTheme.h */ = {isa = PBXFileReference; fileEncoding = 4; lastKnownFileType = sourcecode.c.h; path = OKTheme.h; sourceTree = "<group>"; };
		345B8BB819500221003E5495 /* OKThemeEngine.h */ = {isa = PBXFileReference; fileEncoding = 4; lastKnownFileType = sourcecode.c.h; path = OKThemeEngine.h; sourceTree = "<group>"; };
		345B8BB919500221003E5495 /* OKThemeEngine.m */ = {isa = PBXFileReference; fileEncoding = 4; lastKnownFileType = sourcecode.c.objc; path = OKThemeEngine.m; sourceTree = "<group>"; };
		345B8BBA19500221003E5495 /* OKThemeShadow.h */ = {isa = PBXFileReference; fileEncoding = 4; lastKnownFileType = sourcecode.c.h; path = OKThemeShadow.h; sourceTree = "<group>"; };
		345B8BBB19500221003E5495 /* OKThemeShadow.m */ = {isa = PBXFileReference; fileEncoding = 4; lastKnownFileType = sourcecode.c.objc; path = OKThemeShadow.m; sourceTree = "<group>"; };
		345B8BBE19500221003E5495 /* TSMessage.h */ = {isa = PBXFileReference; fileEncoding = 4; lastKnownFileType = sourcecode.c.h; path = TSMessage.h; sourceTree = "<group>"; };
		345B8BBF19500221003E5495 /* TSMessage.m */ = {isa = PBXFileReference; fileEncoding = 4; lastKnownFileType = sourcecode.c.objc; path = TSMessage.m; sourceTree = "<group>"; };
		345B8BC119500221003E5495 /* UIColor+MLColorAdditions.h */ = {isa = PBXFileReference; fileEncoding = 4; lastKnownFileType = sourcecode.c.h; path = "UIColor+MLColorAdditions.h"; sourceTree = "<group>"; };
		345B8BC219500221003E5495 /* UIColor+MLColorAdditions.m */ = {isa = PBXFileReference; fileEncoding = 4; lastKnownFileType = sourcecode.c.objc; path = "UIColor+MLColorAdditions.m"; sourceTree = "<group>"; };
		345B8BC419500221003E5495 /* design.json */ = {isa = PBXFileReference; fileEncoding = 4; lastKnownFileType = text.json; path = design.json; sourceTree = "<group>"; };
		345B8BC619500221003E5495 /* NotificationBackgroundError.png */ = {isa = PBXFileReference; lastKnownFileType = image.png; path = NotificationBackgroundError.png; sourceTree = "<group>"; };
		345B8BC719500221003E5495 /* NotificationBackgroundError@2x.png */ = {isa = PBXFileReference; lastKnownFileType = image.png; path = "NotificationBackgroundError@2x.png"; sourceTree = "<group>"; };
		345B8BC819500221003E5495 /* NotificationBackgroundErrorIcon.png */ = {isa = PBXFileReference; lastKnownFileType = image.png; path = NotificationBackgroundErrorIcon.png; sourceTree = "<group>"; };
		345B8BC919500221003E5495 /* NotificationBackgroundErrorIcon@2x.png */ = {isa = PBXFileReference; lastKnownFileType = image.png; path = "NotificationBackgroundErrorIcon@2x.png"; sourceTree = "<group>"; };
		345B8BCA19500221003E5495 /* NotificationBackgroundMessage.png */ = {isa = PBXFileReference; lastKnownFileType = image.png; path = NotificationBackgroundMessage.png; sourceTree = "<group>"; };
		345B8BCB19500221003E5495 /* NotificationBackgroundMessage@2x.png */ = {isa = PBXFileReference; lastKnownFileType = image.png; path = "NotificationBackgroundMessage@2x.png"; sourceTree = "<group>"; };
		345B8BCC19500221003E5495 /* NotificationBackgroundSuccess.png */ = {isa = PBXFileReference; lastKnownFileType = image.png; path = NotificationBackgroundSuccess.png; sourceTree = "<group>"; };
		345B8BCD19500221003E5495 /* NotificationBackgroundSuccess@2x.png */ = {isa = PBXFileReference; lastKnownFileType = image.png; path = "NotificationBackgroundSuccess@2x.png"; sourceTree = "<group>"; };
		345B8BCE19500221003E5495 /* NotificationBackgroundSuccessIcon.png */ = {isa = PBXFileReference; lastKnownFileType = image.png; path = NotificationBackgroundSuccessIcon.png; sourceTree = "<group>"; };
		345B8BCF19500221003E5495 /* NotificationBackgroundSuccessIcon@2x.png */ = {isa = PBXFileReference; lastKnownFileType = image.png; path = "NotificationBackgroundSuccessIcon@2x.png"; sourceTree = "<group>"; };
		345B8BD019500221003E5495 /* NotificationBackgroundWarning.png */ = {isa = PBXFileReference; lastKnownFileType = image.png; path = NotificationBackgroundWarning.png; sourceTree = "<group>"; };
		345B8BD119500221003E5495 /* NotificationBackgroundWarning@2x.png */ = {isa = PBXFileReference; lastKnownFileType = image.png; path = "NotificationBackgroundWarning@2x.png"; sourceTree = "<group>"; };
		345B8BD219500221003E5495 /* NotificationBackgroundWarningIcon.png */ = {isa = PBXFileReference; lastKnownFileType = image.png; path = NotificationBackgroundWarningIcon.png; sourceTree = "<group>"; };
		345B8BD319500221003E5495 /* NotificationBackgroundWarningIcon@2x.png */ = {isa = PBXFileReference; lastKnownFileType = image.png; path = "NotificationBackgroundWarningIcon@2x.png"; sourceTree = "<group>"; };
		345B8BD419500221003E5495 /* NotificationButtonBackground.png */ = {isa = PBXFileReference; lastKnownFileType = image.png; path = NotificationButtonBackground.png; sourceTree = "<group>"; };
		345B8BD519500221003E5495 /* NotificationButtonBackground@2x.png */ = {isa = PBXFileReference; lastKnownFileType = image.png; path = "NotificationButtonBackground@2x.png"; sourceTree = "<group>"; };
		345B8BD719500221003E5495 /* TSMessageView.h */ = {isa = PBXFileReference; fileEncoding = 4; lastKnownFileType = sourcecode.c.h; path = TSMessageView.h; sourceTree = "<group>"; };
		345B8BD819500221003E5495 /* TSMessageView.m */ = {isa = PBXFileReference; fileEncoding = 4; lastKnownFileType = sourcecode.c.objc; path = TSMessageView.m; sourceTree = "<group>"; };
		346908681789307600568BD8 /* TextViewController.h */ = {isa = PBXFileReference; fileEncoding = 4; lastKnownFileType = sourcecode.c.h; path = TextViewController.h; sourceTree = "<group>"; };
		346908691789307700568BD8 /* TextViewController.m */ = {isa = PBXFileReference; fileEncoding = 4; lastKnownFileType = sourcecode.c.objc; path = TextViewController.m; sourceTree = "<group>"; };
		3469086A1789307700568BD8 /* TextViewController.xib */ = {isa = PBXFileReference; fileEncoding = 4; lastKnownFileType = file.xib; path = TextViewController.xib; sourceTree = "<group>"; };
		3492923B1738E9C600AF537C /* contract.app */ = {isa = PBXFileReference; explicitFileType = wrapper.application; includeInIndex = 0; path = contract.app; sourceTree = BUILT_PRODUCTS_DIR; };
		3492923E1738E9C600AF537C /* UIKit.framework */ = {isa = PBXFileReference; lastKnownFileType = wrapper.framework; name = UIKit.framework; path = System/Library/Frameworks/UIKit.framework; sourceTree = SDKROOT; };
		349292401738E9C600AF537C /* Foundation.framework */ = {isa = PBXFileReference; lastKnownFileType = wrapper.framework; name = Foundation.framework; path = System/Library/Frameworks/Foundation.framework; sourceTree = SDKROOT; };
		349292421738E9C600AF537C /* CoreGraphics.framework */ = {isa = PBXFileReference; lastKnownFileType = wrapper.framework; name = CoreGraphics.framework; path = System/Library/Frameworks/CoreGraphics.framework; sourceTree = SDKROOT; };
		349292461738E9C600AF537C /* contract-Info.plist */ = {isa = PBXFileReference; lastKnownFileType = text.plist.xml; path = "contract-Info.plist"; sourceTree = "<group>"; };
		349292481738E9C600AF537C /* en */ = {isa = PBXFileReference; lastKnownFileType = text.plist.strings; name = en; path = en.lproj/InfoPlist.strings; sourceTree = "<group>"; };
		3492924A1738E9C600AF537C /* main.m */ = {isa = PBXFileReference; lastKnownFileType = sourcecode.c.objc; path = main.m; sourceTree = "<group>"; };
		3492924C1738E9C600AF537C /* contract-Prefix.pch */ = {isa = PBXFileReference; lastKnownFileType = sourcecode.c.h; path = "contract-Prefix.pch"; sourceTree = "<group>"; };
		3492924D1738E9C600AF537C /* AppDelegate.h */ = {isa = PBXFileReference; lastKnownFileType = sourcecode.c.h; path = AppDelegate.h; sourceTree = "<group>"; };
		3492924E1738E9C600AF537C /* AppDelegate.m */ = {isa = PBXFileReference; lastKnownFileType = sourcecode.c.objc; path = AppDelegate.m; sourceTree = "<group>"; };
		349292561738E9C600AF537C /* MasterViewController.h */ = {isa = PBXFileReference; lastKnownFileType = sourcecode.c.h; path = MasterViewController.h; sourceTree = "<group>"; };
		349292571738E9C600AF537C /* MasterViewController.m */ = {isa = PBXFileReference; lastKnownFileType = sourcecode.c.objc; path = MasterViewController.m; sourceTree = "<group>"; };
		3492925D1738E9C700AF537C /* en */ = {isa = PBXFileReference; lastKnownFileType = file.xib; name = en; path = en.lproj/MasterViewController.xib; sourceTree = "<group>"; };
		349B1514174DC9EF004DA294 /* ja */ = {isa = PBXFileReference; lastKnownFileType = file.xib; name = ja; path = ja.lproj/MasterViewController.xib; sourceTree = "<group>"; };
		349B1515174DC9EF004DA294 /* ja */ = {isa = PBXFileReference; lastKnownFileType = text.plist.strings; name = ja; path = ja.lproj/InfoPlist.strings; sourceTree = "<group>"; };
		349B1519174DCAC0004DA294 /* en */ = {isa = PBXFileReference; lastKnownFileType = text.plist.strings; name = en; path = en.lproj/Localizable.strings; sourceTree = "<group>"; };
		349B151B174DCAC3004DA294 /* ja */ = {isa = PBXFileReference; lastKnownFileType = text.plist.strings; name = ja; path = ja.lproj/Localizable.strings; sourceTree = "<group>"; };
		349B152B174DE232004DA294 /* CFNetwork.framework */ = {isa = PBXFileReference; lastKnownFileType = wrapper.framework; name = CFNetwork.framework; path = System/Library/Frameworks/CFNetwork.framework; sourceTree = SDKROOT; };
		349B152C174DE232004DA294 /* StoreKit.framework */ = {isa = PBXFileReference; lastKnownFileType = wrapper.framework; name = StoreKit.framework; path = System/Library/Frameworks/StoreKit.framework; sourceTree = SDKROOT; };
		349B152D174DE233004DA294 /* SystemConfiguration.framework */ = {isa = PBXFileReference; lastKnownFileType = wrapper.framework; name = SystemConfiguration.framework; path = System/Library/Frameworks/SystemConfiguration.framework; sourceTree = SDKROOT; };
		349D5A361746192600C1B841 /* QuartzCore.framework */ = {isa = PBXFileReference; lastKnownFileType = wrapper.framework; name = QuartzCore.framework; path = System/Library/Frameworks/QuartzCore.framework; sourceTree = SDKROOT; };
		34BD3BFF174A1C5B00741A4B /* CoreText.framework */ = {isa = PBXFileReference; lastKnownFileType = wrapper.framework; name = CoreText.framework; path = System/Library/Frameworks/CoreText.framework; sourceTree = SDKROOT; };
/* End PBXFileReference section */

/* Begin PBXFrameworksBuildPhase section */
		349292381738E9C600AF537C /* Frameworks */ = {
			isa = PBXFrameworksBuildPhase;
			buildActionMask = 2147483647;
			files = (
				349B152E174DE234004DA294 /* CFNetwork.framework in Frameworks */,
				349B152F174DE234004DA294 /* StoreKit.framework in Frameworks */,
				349B1530174DE234004DA294 /* SystemConfiguration.framework in Frameworks */,
				34BD3C00174A1C5B00741A4B /* CoreText.framework in Frameworks */,
				349D5A371746192600C1B841 /* QuartzCore.framework in Frameworks */,
				3492923F1738E9C600AF537C /* UIKit.framework in Frameworks */,
				349292411738E9C600AF537C /* Foundation.framework in Frameworks */,
				349292431738E9C600AF537C /* CoreGraphics.framework in Frameworks */,
			);
			runOnlyForDeploymentPostprocessing = 0;
		};
/* End PBXFrameworksBuildPhase section */

/* Begin PBXGroup section */
		3447C889194FFDB100485A12 /* en.lproj */ = {
			isa = PBXGroup;
			children = (
				3447C88A194FFDB100485A12 /* InfoPlist.strings */,
				3447C88C194FFDB100485A12 /* Localizable.strings */,
				3447C88E194FFDB100485A12 /* MasterViewController.xib */,
			);
			path = en.lproj;
			sourceTree = "<group>";
		};
		3447C8AE194FFDDB00485A12 /* ja.lproj */ = {
			isa = PBXGroup;
			children = (
				3447C8AF194FFDDB00485A12 /* InfoPlist.strings */,
				3447C8B1194FFDDB00485A12 /* Localizable.strings */,
				3447C8B3194FFDDB00485A12 /* MasterViewController.xib */,
			);
			path = ja.lproj;
			sourceTree = "<group>";
		};
		345B8B3019500200003E5495 /* images */ = {
			isa = PBXGroup;
			children = (
				345B8B3119500200003E5495 /* back.png */,
				345B8B3219500200003E5495 /* back3.png */,
				345B8B3319500200003E5495 /* back4.png */,
				345B8B3419500200003E5495 /* back5.png */,
				345B8B3519500200003E5495 /* cancel.png */,
				345B8B3619500200003E5495 /* Default-568h@2x.png */,
				345B8B3719500200003E5495 /* Default.png */,
				345B8B3819500200003E5495 /* Default@2x.png */,
				345B8B3919500200003E5495 /* Icon-72.png */,
				345B8B3A19500200003E5495 /* Icon-72@2x.png */,
				345B8B3B19500200003E5495 /* Icon.png */,
				345B8B3C19500200003E5495 /* Icon@2x.png */,
				345B8B3D19500200003E5495 /* image1.png */,
				345B8B3E19500200003E5495 /* image2.png */,
				345B8B3F19500200003E5495 /* image3.png */,
				345B8B4019500200003E5495 /* image4.png */,
				345B8B4119500200003E5495 /* image5.png */,
				345B8B4219500200003E5495 /* ok.png */,
			);
			path = images;
			sourceTree = "<group>";
		};
		345B8B5519500220003E5495 /* opensources */ = {
			isa = PBXGroup;
			children = (
				345B8B5619500220003E5495 /* BBSocialDialog */,
				345B8B6519500220003E5495 /* EGOTableViewPullRefresh */,
				345B8B7319500220003E5495 /* MBappirater */,
				345B8B9719500221003E5495 /* NotiView */,
				345B8B9A19500221003E5495 /* NSTimer+Blocks */,
				345B8B9D19500221003E5495 /* ODRefreshControl */,
				345B8BA019500221003E5495 /* OKPopoverCalendar */,
				345B8BBC19500221003E5495 /* TSMessage */,
			);
			path = opensources;
			sourceTree = "<group>";
		};
		345B8B5619500220003E5495 /* BBSocialDialog */ = {
			isa = PBXGroup;
			children = (
				345B8B5719500220003E5495 /* BButton */,
				345B8B6019500220003E5495 /* DDSocialDialog */,
			);
			path = BBSocialDialog;
			sourceTree = "<group>";
		};
		345B8B5719500220003E5495 /* BButton */ = {
			isa = PBXGroup;
			children = (
				345B8B5819500220003E5495 /* BButton.h */,
				345B8B5919500220003E5495 /* BButton.m */,
				345B8B5A19500220003E5495 /* NSString+FontAwesome.h */,
				345B8B5B19500220003E5495 /* NSString+FontAwesome.m */,
				345B8B5C19500220003E5495 /* resources */,
				345B8B5E19500220003E5495 /* UIColor+BButton.h */,
				345B8B5F19500220003E5495 /* UIColor+BButton.m */,
			);
			path = BButton;
			sourceTree = "<group>";
		};
		345B8B5C19500220003E5495 /* resources */ = {
			isa = PBXGroup;
			children = (
				345B8B5D19500220003E5495 /* FontAwesome.ttf */,
			);
			path = resources;
			sourceTree = "<group>";
		};
		345B8B6019500220003E5495 /* DDSocialDialog */ = {
			isa = PBXGroup;
			children = (
				345B8B6119500220003E5495 /* DDSocialDialog.h */,
				345B8B6219500220003E5495 /* DDSocialDialog.m */,
				345B8B6319500220003E5495 /* DDSocialLoginDialog.h */,
				345B8B6419500220003E5495 /* DDSocialLoginDialog.m */,
			);
			path = DDSocialDialog;
			sourceTree = "<group>";
		};
		345B8B6519500220003E5495 /* EGOTableViewPullRefresh */ = {
			isa = PBXGroup;
			children = (
				345B8B6619500220003E5495 /* Classes */,
				345B8B6A19500220003E5495 /* Resources */,
			);
			path = EGOTableViewPullRefresh;
			sourceTree = "<group>";
		};
		345B8B6619500220003E5495 /* Classes */ = {
			isa = PBXGroup;
			children = (
				345B8B6719500220003E5495 /* View */,
			);
			path = Classes;
			sourceTree = "<group>";
		};
		345B8B6719500220003E5495 /* View */ = {
			isa = PBXGroup;
			children = (
				345B8B6819500220003E5495 /* EGORefreshTableHeaderView.h */,
				345B8B6919500220003E5495 /* EGORefreshTableHeaderView.m */,
			);
			path = View;
			sourceTree = "<group>";
		};
		345B8B6A19500220003E5495 /* Resources */ = {
			isa = PBXGroup;
			children = (
				345B8B6B19500220003E5495 /* blackArrow.png */,
				345B8B6C19500220003E5495 /* blackArrow@2x.png */,
				345B8B6D19500220003E5495 /* blueArrow.png */,
				345B8B6E19500220003E5495 /* blueArrow@2x.png */,
				345B8B6F19500220003E5495 /* grayArrow.png */,
				345B8B7019500220003E5495 /* grayArrow@2x.png */,
				345B8B7119500220003E5495 /* whiteArrow.png */,
				345B8B7219500220003E5495 /* whiteArrow@2x.png */,
			);
			path = Resources;
			sourceTree = "<group>";
		};
		345B8B7319500220003E5495 /* MBappirater */ = {
			isa = PBXGroup;
			children = (
				345B8B7419500220003E5495 /* appirater-master */,
				345B8B7D19500220003E5495 /* MBAlertView */,
			);
			path = MBappirater;
			sourceTree = "<group>";
		};
		345B8B7419500220003E5495 /* appirater-master */ = {
			isa = PBXGroup;
			children = (
				345B8B7519500220003E5495 /* .gitignore */,
				345B8B7619500220003E5495 /* Appirater.h */,
				345B8B7719500220003E5495 /* Appirater.m */,
				345B8B7819500220003E5495 /* Appirater.podspec */,
				345B8B7919500220003E5495 /* AppiraterDelegate.h */,
				345B8B7A19500220003E5495 /* AppiraterLocalizable.strings */,
			);
			path = "appirater-master";
			sourceTree = "<group>";
		};
		345B8B7D19500220003E5495 /* MBAlertView */ = {
			isa = PBXGroup;
			children = (
				345B8B7E19500220003E5495 /* Categories */,
				345B8B8519500220003E5495 /* MBAlertAbstract.h */,
				345B8B8619500220003E5495 /* MBAlertAbstract.m */,
				345B8B8719500220003E5495 /* MBAlertView.h */,
				345B8B8819500220003E5495 /* MBAlertView.m */,
				345B8B8919500220003E5495 /* MBHUDView.h */,
				345B8B8A19500220003E5495 /* MBHUDView.m */,
				345B8B8B19500221003E5495 /* Protected */,
				345B8B8F19500221003E5495 /* Views */,
			);
			path = MBAlertView;
			sourceTree = "<group>";
		};
		345B8B7E19500220003E5495 /* Categories */ = {
			isa = PBXGroup;
			children = (
				345B8B7F19500220003E5495 /* NSString+Trim.h */,
				345B8B8019500220003E5495 /* NSString+Trim.m */,
				345B8B8119500220003E5495 /* UIFont+Alert.h */,
				345B8B8219500220003E5495 /* UIFont+Alert.m */,
				345B8B8319500220003E5495 /* UIView+Alert.h */,
				345B8B8419500220003E5495 /* UIView+Alert.m */,
			);
			path = Categories;
			sourceTree = "<group>";
		};
		345B8B8B19500221003E5495 /* Protected */ = {
			isa = PBXGroup;
			children = (
				345B8B8C19500221003E5495 /* MBAlertViewItem.h */,
				345B8B8D19500221003E5495 /* MBAlertViewItem.m */,
				345B8B8E19500221003E5495 /* MBAlertViewSubclass.h */,
			);
			path = Protected;
			sourceTree = "<group>";
		};
		345B8B8F19500221003E5495 /* Views */ = {
			isa = PBXGroup;
			children = (
				345B8B9019500221003E5495 /* AlertViewUI.h */,
				345B8B9119500221003E5495 /* MBAlertViewButton.h */,
				345B8B9219500221003E5495 /* MBAlertViewButton.m */,
				345B8B9319500221003E5495 /* MBCheckMarkView.h */,
				345B8B9419500221003E5495 /* MBCheckMarkView.m */,
				345B8B9519500221003E5495 /* MBSpinningCircle.h */,
				345B8B9619500221003E5495 /* MBSpinningCircle.m */,
			);
			path = Views;
			sourceTree = "<group>";
		};
		345B8B9719500221003E5495 /* NotiView */ = {
			isa = PBXGroup;
			children = (
				345B8B9819500221003E5495 /* NotiView.h */,
				345B8B9919500221003E5495 /* NotiView.m */,
			);
			path = NotiView;
			sourceTree = "<group>";
		};
		345B8B9A19500221003E5495 /* NSTimer+Blocks */ = {
			isa = PBXGroup;
			children = (
				345B8B9B19500221003E5495 /* NSTimer+Blocks.h */,
				345B8B9C19500221003E5495 /* NSTimer+Blocks.m */,
			);
			path = "NSTimer+Blocks";
			sourceTree = "<group>";
		};
		345B8B9D19500221003E5495 /* ODRefreshControl */ = {
			isa = PBXGroup;
			children = (
				345B8B9E19500221003E5495 /* ODRefreshControl.h */,
				345B8B9F19500221003E5495 /* ODRefreshControl.m */,
			);
			path = ODRefreshControl;
			sourceTree = "<group>";
		};
		345B8BA019500221003E5495 /* OKPopoverCalendar */ = {
			isa = PBXGroup;
			children = (
				345B8BA119500221003E5495 /* apple calendar.plist */,
				345B8BA219500221003E5495 /* background.png */,
				345B8BA319500221003E5495 /* background@2x.png */,
				345B8BA419500221003E5495 /* NSDate+CalendarHelper.h */,
				345B8BA519500221003E5495 /* NSDate+CalendarHelper.m */,
				345B8BA619500221003E5495 /* OKCalendarBackgroundView.h */,
				345B8BA719500221003E5495 /* OKCalendarBackgroundView.m */,
				345B8BA819500221003E5495 /* OKCalendarConstants.h */,
				345B8BA919500221003E5495 /* OKCalendarHelper.h */,
				345B8BAA19500221003E5495 /* OKCalendarView.h */,
				345B8BAB19500221003E5495 /* OKCalendarView.m */,
				345B8BAC19500221003E5495 /* OKDaysView.h */,
				345B8BAD19500221003E5495 /* OKDaysView.m */,
				345B8BAE19500221003E5495 /* OKDimmingView.h */,
				345B8BAF19500221003E5495 /* OKDimmingView.m */,
				345B8BB019500221003E5495 /* OKPeriod.h */,
				345B8BB119500221003E5495 /* OKPeriod.m */,
				345B8BB219500221003E5495 /* OKPopoverCalendar.h */,
				345B8BB319500221003E5495 /* OKPopoverCalendarController.h */,
				345B8BB419500221003E5495 /* OKPopoverCalendarController.m */,
				345B8BB519500221003E5495 /* OKSelectionView.h */,
				345B8BB619500221003E5495 /* OKSelectionView.m */,
				345B8BB719500221003E5495 /* OKTheme.h */,
				345B8BB819500221003E5495 /* OKThemeEngine.h */,
				345B8BB919500221003E5495 /* OKThemeEngine.m */,
				345B8BBA19500221003E5495 /* OKThemeShadow.h */,
				345B8BBB19500221003E5495 /* OKThemeShadow.m */,
			);
			path = OKPopoverCalendar;
			sourceTree = "<group>";
		};
		345B8BBC19500221003E5495 /* TSMessage */ = {
			isa = PBXGroup;
			children = (
				345B8BBD19500221003E5495 /* Classes */,
				345B8BC319500221003E5495 /* Resources */,
				345B8BD619500221003E5495 /* Views */,
			);
			path = TSMessage;
			sourceTree = "<group>";
		};
		345B8BBD19500221003E5495 /* Classes */ = {
			isa = PBXGroup;
			children = (
				345B8BBE19500221003E5495 /* TSMessage.h */,
				345B8BBF19500221003E5495 /* TSMessage.m */,
				345B8BC019500221003E5495 /* UIColorAdditions */,
			);
			path = Classes;
			sourceTree = "<group>";
		};
		345B8BC019500221003E5495 /* UIColorAdditions */ = {
			isa = PBXGroup;
			children = (
				345B8BC119500221003E5495 /* UIColor+MLColorAdditions.h */,
				345B8BC219500221003E5495 /* UIColor+MLColorAdditions.m */,
			);
			path = UIColorAdditions;
			sourceTree = "<group>";
		};
		345B8BC319500221003E5495 /* Resources */ = {
			isa = PBXGroup;
			children = (
				345B8BC419500221003E5495 /* design.json */,
				345B8BC519500221003E5495 /* Images */,
			);
			path = Resources;
			sourceTree = "<group>";
		};
		345B8BC519500221003E5495 /* Images */ = {
			isa = PBXGroup;
			children = (
				345B8BC619500221003E5495 /* NotificationBackgroundError.png */,
				345B8BC719500221003E5495 /* NotificationBackgroundError@2x.png */,
				345B8BC819500221003E5495 /* NotificationBackgroundErrorIcon.png */,
				345B8BC919500221003E5495 /* NotificationBackgroundErrorIcon@2x.png */,
				345B8BCA19500221003E5495 /* NotificationBackgroundMessage.png */,
				345B8BCB19500221003E5495 /* NotificationBackgroundMessage@2x.png */,
				345B8BCC19500221003E5495 /* NotificationBackgroundSuccess.png */,
				345B8BCD19500221003E5495 /* NotificationBackgroundSuccess@2x.png */,
				345B8BCE19500221003E5495 /* NotificationBackgroundSuccessIcon.png */,
				345B8BCF19500221003E5495 /* NotificationBackgroundSuccessIcon@2x.png */,
				345B8BD019500221003E5495 /* NotificationBackgroundWarning.png */,
				345B8BD119500221003E5495 /* NotificationBackgroundWarning@2x.png */,
				345B8BD219500221003E5495 /* NotificationBackgroundWarningIcon.png */,
				345B8BD319500221003E5495 /* NotificationBackgroundWarningIcon@2x.png */,
				345B8BD419500221003E5495 /* NotificationButtonBackground.png */,
				345B8BD519500221003E5495 /* NotificationButtonBackground@2x.png */,
			);
			path = Images;
			sourceTree = "<group>";
		};
		345B8BD619500221003E5495 /* Views */ = {
			isa = PBXGroup;
			children = (
				345B8BD719500221003E5495 /* TSMessageView.h */,
				345B8BD819500221003E5495 /* TSMessageView.m */,
			);
			path = Views;
			sourceTree = "<group>";
		};
		349292321738E9C600AF537C = {
			isa = PBXGroup;
			children = (
				349292441738E9C600AF537C /* contract */,
				3492923D1738E9C600AF537C /* Frameworks */,
				3492923C1738E9C600AF537C /* Products */,
			);
			sourceTree = "<group>";
		};
		3492923C1738E9C600AF537C /* Products */ = {
			isa = PBXGroup;
			children = (
				3492923B1738E9C600AF537C /* contract.app */,
			);
			name = Products;
			sourceTree = "<group>";
		};
		3492923D1738E9C600AF537C /* Frameworks */ = {
			isa = PBXGroup;
			children = (
				349B152B174DE232004DA294 /* CFNetwork.framework */,
				349B152C174DE232004DA294 /* StoreKit.framework */,
				349B152D174DE233004DA294 /* SystemConfiguration.framework */,
				34BD3BFF174A1C5B00741A4B /* CoreText.framework */,
				349D5A361746192600C1B841 /* QuartzCore.framework */,
				3492923E1738E9C600AF537C /* UIKit.framework */,
				349292401738E9C600AF537C /* Foundation.framework */,
				349292421738E9C600AF537C /* CoreGraphics.framework */,
			);
			name = Frameworks;
			sourceTree = "<group>";
		};
		349292441738E9C600AF537C /* contract */ = {
			isa = PBXGroup;
			children = (
				345B8B5519500220003E5495 /* opensources */,
				3447C8AE194FFDDB00485A12 /* ja.lproj */,
				3447C889194FFDB100485A12 /* en.lproj */,
				3492924D1738E9C600AF537C /* AppDelegate.h */,
				3492924E1738E9C600AF537C /* AppDelegate.m */,
				349292561738E9C600AF537C /* MasterViewController.h */,
				349292571738E9C600AF537C /* MasterViewController.m */,
				3492925C1738E9C700AF537C /* MasterViewController.xib */,
				3447C8A9194FFDC400485A12 /* InputViewController.h */,
				3447C8AA194FFDC400485A12 /* InputViewController.m */,
				3447C8AD194FFDDB00485A12 /* InputViewController.xib */,
				346908681789307600568BD8 /* TextViewController.h */,
				346908691789307700568BD8 /* TextViewController.m */,
				3469086A1789307700568BD8 /* TextViewController.xib */,
				349292451738E9C600AF537C /* Supporting Files */,
			);
			path = contract;
			sourceTree = "<group>";
		};
		349292451738E9C600AF537C /* Supporting Files */ = {
			isa = PBXGroup;
			children = (
				345B8B3019500200003E5495 /* images */,
				349B151A174DCAC0004DA294 /* Localizable.strings */,
				349292461738E9C600AF537C /* contract-Info.plist */,
				349292471738E9C600AF537C /* InfoPlist.strings */,
				3492924A1738E9C600AF537C /* main.m */,
				3492924C1738E9C600AF537C /* contract-Prefix.pch */,
			);
			name = "Supporting Files";
			sourceTree = "<group>";
		};
/* End PBXGroup section */

/* Begin PBXNativeTarget section */
		3492923A1738E9C600AF537C /* contract */ = {
			isa = PBXNativeTarget;
			buildConfigurationList = 349292641738E9C700AF537C /* Build configuration list for PBXNativeTarget "contract" */;
			buildPhases = (
				349292371738E9C600AF537C /* Sources */,
				349292381738E9C600AF537C /* Frameworks */,
				349292391738E9C600AF537C /* Resources */,
			);
			buildRules = (
			);
			dependencies = (
			);
			name = contract;
			productName = contract;
			productReference = 3492923B1738E9C600AF537C /* contract.app */;
			productType = "com.apple.product-type.application";
		};
/* End PBXNativeTarget section */

/* Begin PBXProject section */
		349292331738E9C600AF537C /* Project object */ = {
			isa = PBXProject;
			attributes = {
				LastUpgradeCheck = 0460;
				ORGANIZATIONNAME = "羽野 真悟";
			};
			buildConfigurationList = 349292361738E9C600AF537C /* Build configuration list for PBXProject "contract" */;
			compatibilityVersion = "Xcode 3.2";
			developmentRegion = English;
			hasScannedForEncodings = 0;
			knownRegions = (
				en,
				ja,
			);
			mainGroup = 349292321738E9C600AF537C;
			productRefGroup = 3492923C1738E9C600AF537C /* Products */;
			projectDirPath = "";
			projectRoot = "";
			targets = (
				3492923A1738E9C600AF537C /* contract */,
			);
		};
/* End PBXProject section */

/* Begin PBXResourcesBuildPhase section */
		349292391738E9C600AF537C /* Resources */ = {
			isa = PBXResourcesBuildPhase;
			buildActionMask = 2147483647;
			files = (
				349292491738E9C600AF537C /* InfoPlist.strings in Resources */,
				3492925E1738E9C700AF537C /* MasterViewController.xib in Resources */,
				349B1518174DCAC0004DA294 /* Localizable.strings in Resources */,
				3469086C1789307700568BD8 /* TextViewController.xib in Resources */,
				3447C8A2194FFDB100485A12 /* InfoPlist.strings in Resources */,
				3447C8A3194FFDB100485A12 /* Localizable.strings in Resources */,
				3447C8A4194FFDB100485A12 /* MasterViewController.xib in Resources */,
				3447C920194FFDDB00485A12 /* InputViewController.xib in Resources */,
				3447C921194FFDDB00485A12 /* InfoPlist.strings in Resources */,
				3447C922194FFDDB00485A12 /* Localizable.strings in Resources */,
				3447C923194FFDDB00485A12 /* MasterViewController.xib in Resources */,
				345B8B4319500200003E5495 /* back.png in Resources */,
				345B8B4419500200003E5495 /* back3.png in Resources */,
				345B8B4519500200003E5495 /* back4.png in Resources */,
				345B8B4619500200003E5495 /* back5.png in Resources */,
				345B8B4719500200003E5495 /* cancel.png in Resources */,
				345B8B4819500200003E5495 /* Default-568h@2x.png in Resources */,
				345B8B4919500200003E5495 /* Default.png in Resources */,
				345B8B4A19500200003E5495 /* Default@2x.png in Resources */,
				345B8B4B19500200003E5495 /* Icon-72.png in Resources */,
				345B8B4C19500200003E5495 /* Icon-72@2x.png in Resources */,
				345B8B4D19500200003E5495 /* Icon.png in Resources */,
				345B8B4E19500200003E5495 /* Icon@2x.png in Resources */,
				345B8B4F19500200003E5495 /* image1.png in Resources */,
				345B8B5019500200003E5495 /* image2.png in Resources */,
				345B8B5119500200003E5495 /* image3.png in Resources */,
				345B8B5219500200003E5495 /* image4.png in Resources */,
				345B8B5319500200003E5495 /* image5.png in Resources */,
				345B8B5419500200003E5495 /* ok.png in Resources */,
				345B8BDB19500221003E5495 /* FontAwesome.ttf in Resources */,
				345B8BE019500221003E5495 /* blackArrow.png in Resources */,
				345B8BE119500221003E5495 /* blackArrow@2x.png in Resources */,
				345B8BE219500221003E5495 /* blueArrow.png in Resources */,
				345B8BE319500221003E5495 /* blueArrow@2x.png in Resources */,
				345B8BE419500221003E5495 /* grayArrow.png in Resources */,
				345B8BE519500221003E5495 /* grayArrow@2x.png in Resources */,
				345B8BE619500221003E5495 /* whiteArrow.png in Resources */,
				345B8BE719500221003E5495 /* whiteArrow@2x.png in Resources */,
				345B8BE819500221003E5495 /* .gitignore in Resources */,
				345B8BEA19500221003E5495 /* Appirater.podspec in Resources */,
				345B8BEB19500221003E5495 /* AppiraterLocalizable.strings in Resources */,
				345B8BF919500221003E5495 /* apple calendar.plist in Resources */,
				345B8BFA19500221003E5495 /* background.png in Resources */,
				345B8BFB19500221003E5495 /* background@2x.png in Resources */,
				345B8C0819500221003E5495 /* design.json in Resources */,
				345B8C0919500221003E5495 /* NotificationBackgroundError.png in Resources */,
				345B8C0A19500221003E5495 /* NotificationBackgroundError@2x.png in Resources */,
				345B8C0B19500221003E5495 /* NotificationBackgroundErrorIcon.png in Resources */,
				345B8C0C19500221003E5495 /* NotificationBackgroundErrorIcon@2x.png in Resources */,
				345B8C0D19500221003E5495 /* NotificationBackgroundMessage.png in Resources */,
				345B8C0E19500221003E5495 /* NotificationBackgroundMessage@2x.png in Resources */,
				345B8C0F19500221003E5495 /* NotificationBackgroundSuccess.png in Resources */,
				345B8C1019500221003E5495 /* NotificationBackgroundSuccess@2x.png in Resources */,
				345B8C1119500221003E5495 /* NotificationBackgroundSuccessIcon.png in Resources */,
				345B8C1219500221003E5495 /* NotificationBackgroundSuccessIcon@2x.png in Resources */,
				345B8C1319500221003E5495 /* NotificationBackgroundWarning.png in Resources */,
				345B8C1419500221003E5495 /* NotificationBackgroundWarning@2x.png in Resources */,
				345B8C1519500221003E5495 /* NotificationBackgroundWarningIcon.png in Resources */,
				345B8C1619500221003E5495 /* NotificationBackgroundWarningIcon@2x.png in Resources */,
				345B8C1719500221003E5495 /* NotificationButtonBackground.png in Resources */,
				345B8C1819500221003E5495 /* NotificationButtonBackground@2x.png in Resources */,
			);
			runOnlyForDeploymentPostprocessing = 0;
		};
/* End PBXResourcesBuildPhase section */

/* Begin PBXSourcesBuildPhase section */
		349292371738E9C600AF537C /* Sources */ = {
			isa = PBXSourcesBuildPhase;
			buildActionMask = 2147483647;
			files = (
				3492924B1738E9C600AF537C /* main.m in Sources */,
				3492924F1738E9C600AF537C /* AppDelegate.m in Sources */,
				349292581738E9C600AF537C /* MasterViewController.m in Sources */,
				3469086B1789307700568BD8 /* TextViewController.m in Sources */,
				3447C8AC194FFDC400485A12 /* InputViewController.m in Sources */,
				345B8BD919500221003E5495 /* BButton.m in Sources */,
				345B8BDA19500221003E5495 /* NSString+FontAwesome.m in Sources */,
				345B8BDC19500221003E5495 /* UIColor+BButton.m in Sources */,
				345B8BDD19500221003E5495 /* DDSocialDialog.m in Sources */,
				345B8BDE19500221003E5495 /* DDSocialLoginDialog.m in Sources */,
				345B8BDF19500221003E5495 /* EGORefreshTableHeaderView.m in Sources */,
				345B8BE919500221003E5495 /* Appirater.m in Sources */,
				345B8BEC19500221003E5495 /* NSString+Trim.m in Sources */,
				345B8BED19500221003E5495 /* UIFont+Alert.m in Sources */,
				345B8BEE19500221003E5495 /* UIView+Alert.m in Sources */,
				345B8BEF19500221003E5495 /* MBAlertAbstract.m in Sources */,
				345B8BF019500221003E5495 /* MBAlertView.m in Sources */,
				345B8BF119500221003E5495 /* MBHUDView.m in Sources */,
				345B8BF219500221003E5495 /* MBAlertViewItem.m in Sources */,
				345B8BF319500221003E5495 /* MBAlertViewButton.m in Sources */,
				345B8BF419500221003E5495 /* MBCheckMarkView.m in Sources */,
				345B8BF519500221003E5495 /* MBSpinningCircle.m in Sources */,
				345B8BF619500221003E5495 /* NotiView.m in Sources */,
				345B8BF719500221003E5495 /* NSTimer+Blocks.m in Sources */,
				345B8BF819500221003E5495 /* ODRefreshControl.m in Sources */,
				345B8BFC19500221003E5495 /* NSDate+CalendarHelper.m in Sources */,
				345B8BFD19500221003E5495 /* OKCalendarBackgroundView.m in Sources */,
				345B8BFE19500221003E5495 /* OKCalendarView.m in Sources */,
				345B8BFF19500221003E5495 /* OKDaysView.m in Sources */,
				345B8C0019500221003E5495 /* OKDimmingView.m in Sources */,
				345B8C0119500221003E5495 /* OKPeriod.m in Sources */,
				345B8C0219500221003E5495 /* OKPopoverCalendarController.m in Sources */,
				345B8C0319500221003E5495 /* OKSelectionView.m in Sources */,
				345B8C0419500221003E5495 /* OKThemeEngine.m in Sources */,
				345B8C0519500221003E5495 /* OKThemeShadow.m in Sources */,
				345B8C0619500221003E5495 /* TSMessage.m in Sources */,
				345B8C0719500221003E5495 /* UIColor+MLColorAdditions.m in Sources */,
				345B8C1919500221003E5495 /* TSMessageView.m in Sources */,
			);
			runOnlyForDeploymentPostprocessing = 0;
		};
/* End PBXSourcesBuildPhase section */

/* Begin PBXVariantGroup section */
		3447C88A194FFDB100485A12 /* InfoPlist.strings */ = {
			isa = PBXVariantGroup;
			children = (
				3447C88B194FFDB100485A12 /* en */,
			);
			name = InfoPlist.strings;
			sourceTree = "<group>";
		};
		3447C88C194FFDB100485A12 /* Localizable.strings */ = {
			isa = PBXVariantGroup;
			children = (
				3447C88D194FFDB100485A12 /* en */,
			);
			name = Localizable.strings;
			sourceTree = "<group>";
		};
		3447C88E194FFDB100485A12 /* MasterViewController.xib */ = {
			isa = PBXVariantGroup;
			children = (
				3447C88F194FFDB100485A12 /* en */,
			);
			name = MasterViewController.xib;
			sourceTree = "<group>";
		};
		3447C8AF194FFDDB00485A12 /* InfoPlist.strings */ = {
			isa = PBXVariantGroup;
			children = (
				3447C8B0194FFDDB00485A12 /* ja */,
			);
			name = InfoPlist.strings;
			sourceTree = "<group>";
		};
		3447C8B1194FFDDB00485A12 /* Localizable.strings */ = {
			isa = PBXVariantGroup;
			children = (
				3447C8B2194FFDDB00485A12 /* ja */,
			);
			name = Localizable.strings;
			sourceTree = "<group>";
		};
		3447C8B3194FFDDB00485A12 /* MasterViewController.xib */ = {
			isa = PBXVariantGroup;
			children = (
				3447C8B4194FFDDB00485A12 /* ja */,
			);
			name = MasterViewController.xib;
			sourceTree = "<group>";
		};
		345B8B7A19500220003E5495 /* AppiraterLocalizable.strings */ = {
			isa = PBXVariantGroup;
			children = (
				345B8B7B19500220003E5495 /* en */,
				345B8B7C19500220003E5495 /* ja */,
			);
			name = AppiraterLocalizable.strings;
			sourceTree = "<group>";
		};
		349292471738E9C600AF537C /* InfoPlist.strings */ = {
			isa = PBXVariantGroup;
			children = (
				349292481738E9C600AF537C /* en */,
				349B1515174DC9EF004DA294 /* ja */,
			);
			name = InfoPlist.strings;
			sourceTree = "<group>";
		};
		3492925C1738E9C700AF537C /* MasterViewController.xib */ = {
			isa = PBXVariantGroup;
			children = (
				3492925D1738E9C700AF537C /* en */,
				349B1514174DC9EF004DA294 /* ja */,
			);
			name = MasterViewController.xib;
			sourceTree = "<group>";
		};
		349B151A174DCAC0004DA294 /* Localizable.strings */ = {
			isa = PBXVariantGroup;
			children = (
				349B1519174DCAC0004DA294 /* en */,
				349B151B174DCAC3004DA294 /* ja */,
			);
			name = Localizable.strings;
			sourceTree = "<group>";
		};
/* End PBXVariantGroup section */

/* Begin XCBuildConfiguration section */
		349292621738E9C700AF537C /* Debug */ = {
			isa = XCBuildConfiguration;
			buildSettings = {
				ALWAYS_SEARCH_USER_PATHS = NO;
				CLANG_CXX_LANGUAGE_STANDARD = "gnu++0x";
				CLANG_CXX_LIBRARY = "libc++";
				CLANG_ENABLE_OBJC_ARC = YES;
				CLANG_WARN_CONSTANT_CONVERSION = YES;
				CLANG_WARN_EMPTY_BODY = YES;
				CLANG_WARN_ENUM_CONVERSION = YES;
				CLANG_WARN_INT_CONVERSION = YES;
				CLANG_WARN__DUPLICATE_METHOD_MATCH = YES;
				"CODE_SIGN_IDENTITY[sdk=iphoneos*]" = "iPhone Developer";
				COPY_PHASE_STRIP = NO;
				GCC_C_LANGUAGE_STANDARD = gnu99;
				GCC_DYNAMIC_NO_PIC = NO;
				GCC_OPTIMIZATION_LEVEL = 0;
				GCC_PREPROCESSOR_DEFINITIONS = (
					"DEBUG=1",
					"$(inherited)",
				);
				GCC_SYMBOLS_PRIVATE_EXTERN = NO;
				GCC_WARN_ABOUT_RETURN_TYPE = YES;
				GCC_WARN_UNINITIALIZED_AUTOS = YES;
				GCC_WARN_UNUSED_VARIABLE = YES;
				IPHONEOS_DEPLOYMENT_TARGET = 4.3;
				ONLY_ACTIVE_ARCH = YES;
				SDKROOT = iphoneos;
			};
			name = Debug;
		};
		349292631738E9C700AF537C /* Release */ = {
			isa = XCBuildConfiguration;
			buildSettings = {
				ALWAYS_SEARCH_USER_PATHS = NO;
				CLANG_CXX_LANGUAGE_STANDARD = "gnu++0x";
				CLANG_CXX_LIBRARY = "libc++";
				CLANG_ENABLE_OBJC_ARC = YES;
				CLANG_WARN_CONSTANT_CONVERSION = YES;
				CLANG_WARN_EMPTY_BODY = YES;
				CLANG_WARN_ENUM_CONVERSION = YES;
				CLANG_WARN_INT_CONVERSION = YES;
				CLANG_WARN__DUPLICATE_METHOD_MATCH = YES;
				"CODE_SIGN_IDENTITY[sdk=iphoneos*]" = "iPhone Developer";
				COPY_PHASE_STRIP = YES;
				GCC_C_LANGUAGE_STANDARD = gnu99;
				GCC_WARN_ABOUT_RETURN_TYPE = YES;
				GCC_WARN_UNINITIALIZED_AUTOS = YES;
				GCC_WARN_UNUSED_VARIABLE = YES;
				IPHONEOS_DEPLOYMENT_TARGET = 4.3;
				OTHER_CFLAGS = "-DNS_BLOCK_ASSERTIONS=1";
				SDKROOT = iphoneos;
				VALIDATE_PRODUCT = YES;
			};
			name = Release;
		};
		349292651738E9C700AF537C /* Debug */ = {
			isa = XCBuildConfiguration;
			buildSettings = {
				CODE_SIGN_IDENTITY = "iPhone Developer";
				GCC_PRECOMPILE_PREFIX_HEADER = YES;
				GCC_PREFIX_HEADER = "contract/contract-Prefix.pch";
				INFOPLIST_FILE = "contract/contract-Info.plist";
				IPHONEOS_DEPLOYMENT_TARGET = 4.3;
				PRODUCT_NAME = "$(TARGET_NAME)";
				PROVISIONING_PROFILE = "";
				TARGETED_DEVICE_FAMILY = "1,2";
				WRAPPER_EXTENSION = app;
			};
			name = Debug;
		};
		349292661738E9C700AF537C /* Release */ = {
			isa = XCBuildConfiguration;
			buildSettings = {
				CODE_SIGN_IDENTITY = "iPhone Developer";
				GCC_PRECOMPILE_PREFIX_HEADER = YES;
				GCC_PREFIX_HEADER = "contract/contract-Prefix.pch";
				INFOPLIST_FILE = "contract/contract-Info.plist";
				IPHONEOS_DEPLOYMENT_TARGET = 4.3;
				PRODUCT_NAME = "$(TARGET_NAME)";
				PROVISIONING_PROFILE = "";
				TARGETED_DEVICE_FAMILY = "1,2";
				WRAPPER_EXTENSION = app;
			};
			name = Release;
		};
/* End XCBuildConfiguration section */

/* Begin XCConfigurationList section */
		349292361738E9C600AF537C /* Build configuration list for PBXProject "contract" */ = {
			isa = XCConfigurationList;
			buildConfigurations = (
				349292621738E9C700AF537C /* Debug */,
				349292631738E9C700AF537C /* Release */,
			);
			defaultConfigurationIsVisible = 0;
			defaultConfigurationName = Release;
		};
		349292641738E9C700AF537C /* Build configuration list for PBXNativeTarget "contract" */ = {
			isa = XCConfigurationList;
			buildConfigurations = (
				349292651738E9C700AF537C /* Debug */,
				349292661738E9C700AF537C /* Release */,
			);
			defaultConfigurationIsVisible = 0;
			defaultConfigurationName = Release;
		};
/* End XCConfigurationList section */
	};
	rootObject = 349292331738E9C600AF537C /* Project object */;
}
