// !$*UTF8*$!
{
	archiveVersion = 1;
	classes = {
	};
	objectVersion = 46;
	objects = {

/* Begin PBXBuildFile section */
		3447C893194FFDB100485A12 /* BButton.m in Sources */ = {isa = PBXBuildFile; fileRef = 3447C86F194FFDB100485A12 /* BButton.m */; };
		3447C894194FFDB100485A12 /* NSString+FontAwesome.m in Sources */ = {isa = PBXBuildFile; fileRef = 3447C871194FFDB100485A12 /* NSString+FontAwesome.m */; };
		3447C895194FFDB100485A12 /* FontAwesome.ttf in Resources */ = {isa = PBXBuildFile; fileRef = 3447C873194FFDB100485A12 /* FontAwesome.ttf */; };
		3447C896194FFDB100485A12 /* UIColor+BButton.m in Sources */ = {isa = PBXBuildFile; fileRef = 3447C875194FFDB100485A12 /* UIColor+BButton.m */; };
		3447C897194FFDB100485A12 /* DDSocialDialog.m in Sources */ = {isa = PBXBuildFile; fileRef = 3447C878194FFDB100485A12 /* DDSocialDialog.m */; };
		3447C898194FFDB100485A12 /* DDSocialLoginDialog.m in Sources */ = {isa = PBXBuildFile; fileRef = 3447C87A194FFDB100485A12 /* DDSocialLoginDialog.m */; };
		3447C899194FFDB100485A12 /* EGORefreshTableHeaderView.m in Sources */ = {isa = PBXBuildFile; fileRef = 3447C87F194FFDB100485A12 /* EGORefreshTableHeaderView.m */; };
		3447C89A194FFDB100485A12 /* blackArrow.png in Resources */ = {isa = PBXBuildFile; fileRef = 3447C881194FFDB100485A12 /* blackArrow.png */; };
		3447C89B194FFDB100485A12 /* blackArrow@2x.png in Resources */ = {isa = PBXBuildFile; fileRef = 3447C882194FFDB100485A12 /* blackArrow@2x.png */; };
		3447C89C194FFDB100485A12 /* blueArrow.png in Resources */ = {isa = PBXBuildFile; fileRef = 3447C883194FFDB100485A12 /* blueArrow.png */; };
		3447C89D194FFDB100485A12 /* blueArrow@2x.png in Resources */ = {isa = PBXBuildFile; fileRef = 3447C884194FFDB100485A12 /* blueArrow@2x.png */; };
		3447C89E194FFDB100485A12 /* grayArrow.png in Resources */ = {isa = PBXBuildFile; fileRef = 3447C885194FFDB100485A12 /* grayArrow.png */; };
		3447C89F194FFDB100485A12 /* grayArrow@2x.png in Resources */ = {isa = PBXBuildFile; fileRef = 3447C886194FFDB100485A12 /* grayArrow@2x.png */; };
		3447C8A0194FFDB100485A12 /* whiteArrow.png in Resources */ = {isa = PBXBuildFile; fileRef = 3447C887194FFDB100485A12 /* whiteArrow.png */; };
		3447C8A1194FFDB100485A12 /* whiteArrow@2x.png in Resources */ = {isa = PBXBuildFile; fileRef = 3447C888194FFDB100485A12 /* whiteArrow@2x.png */; };
		3447C8A2194FFDB100485A12 /* InfoPlist.strings in Resources */ = {isa = PBXBuildFile; fileRef = 3447C88A194FFDB100485A12 /* InfoPlist.strings */; };
		3447C8A3194FFDB100485A12 /* Localizable.strings in Resources */ = {isa = PBXBuildFile; fileRef = 3447C88C194FFDB100485A12 /* Localizable.strings */; };
		3447C8A4194FFDB100485A12 /* MasterViewController.xib in Resources */ = {isa = PBXBuildFile; fileRef = 3447C88E194FFDB100485A12 /* MasterViewController.xib */; };
		3447C8A5194FFDB100485A12 /* Icon-72.png in Resources */ = {isa = PBXBuildFile; fileRef = 3447C890194FFDB100485A12 /* Icon-72.png */; };
		3447C8A6194FFDB100485A12 /* Icon-72@2x.png in Resources */ = {isa = PBXBuildFile; fileRef = 3447C891194FFDB100485A12 /* Icon-72@2x.png */; };
		3447C8A7194FFDB100485A12 /* Icon.png in Resources */ = {isa = PBXBuildFile; fileRef = 3447C892194FFDB100485A12 /* Icon.png */; };
		3447C8AB194FFDC400485A12 /* Icon@2x.png in Resources */ = {isa = PBXBuildFile; fileRef = 3447C8A8194FFDC400485A12 /* Icon@2x.png */; };
		3447C8AC194FFDC400485A12 /* InputViewController.m in Sources */ = {isa = PBXBuildFile; fileRef = 3447C8AA194FFDC400485A12 /* InputViewController.m */; };
		3447C920194FFDDB00485A12 /* InputViewController.xib in Resources */ = {isa = PBXBuildFile; fileRef = 3447C8AD194FFDDB00485A12 /* InputViewController.xib */; };
		3447C921194FFDDB00485A12 /* InfoPlist.strings in Resources */ = {isa = PBXBuildFile; fileRef = 3447C8AF194FFDDB00485A12 /* InfoPlist.strings */; };
		3447C922194FFDDB00485A12 /* Localizable.strings in Resources */ = {isa = PBXBuildFile; fileRef = 3447C8B1194FFDDB00485A12 /* Localizable.strings */; };
		3447C923194FFDDB00485A12 /* MasterViewController.xib in Resources */ = {isa = PBXBuildFile; fileRef = 3447C8B3194FFDDB00485A12 /* MasterViewController.xib */; };
		3447C925194FFDDB00485A12 /* .gitignore in Resources */ = {isa = PBXBuildFile; fileRef = 3447C8B8194FFDDB00485A12 /* .gitignore */; };
		3447C926194FFDDB00485A12 /* Appirater.m in Sources */ = {isa = PBXBuildFile; fileRef = 3447C8BA194FFDDB00485A12 /* Appirater.m */; };
		3447C927194FFDDB00485A12 /* Appirater.podspec in Resources */ = {isa = PBXBuildFile; fileRef = 3447C8BB194FFDDB00485A12 /* Appirater.podspec */; };
		3447C928194FFDDB00485A12 /* AppiraterLocalizable.strings in Resources */ = {isa = PBXBuildFile; fileRef = 3447C8BD194FFDDB00485A12 /* AppiraterLocalizable.strings */; };
		3447C929194FFDDB00485A12 /* NSString+Trim.m in Sources */ = {isa = PBXBuildFile; fileRef = 3447C8C3194FFDDB00485A12 /* NSString+Trim.m */; };
		3447C92A194FFDDB00485A12 /* UIFont+Alert.m in Sources */ = {isa = PBXBuildFile; fileRef = 3447C8C5194FFDDB00485A12 /* UIFont+Alert.m */; };
		3447C92B194FFDDB00485A12 /* UIView+Alert.m in Sources */ = {isa = PBXBuildFile; fileRef = 3447C8C7194FFDDB00485A12 /* UIView+Alert.m */; };
		3447C92C194FFDDB00485A12 /* MBAlertAbstract.m in Sources */ = {isa = PBXBuildFile; fileRef = 3447C8C9194FFDDB00485A12 /* MBAlertAbstract.m */; };
		3447C92D194FFDDB00485A12 /* MBAlertView.m in Sources */ = {isa = PBXBuildFile; fileRef = 3447C8CB194FFDDB00485A12 /* MBAlertView.m */; };
		3447C92E194FFDDB00485A12 /* MBHUDView.m in Sources */ = {isa = PBXBuildFile; fileRef = 3447C8CD194FFDDB00485A12 /* MBHUDView.m */; };
		3447C92F194FFDDB00485A12 /* MBAlertViewItem.m in Sources */ = {isa = PBXBuildFile; fileRef = 3447C8D0194FFDDB00485A12 /* MBAlertViewItem.m */; };
		3447C930194FFDDB00485A12 /* MBAlertViewButton.m in Sources */ = {isa = PBXBuildFile; fileRef = 3447C8D5194FFDDB00485A12 /* MBAlertViewButton.m */; };
		3447C931194FFDDB00485A12 /* MBCheckMarkView.m in Sources */ = {isa = PBXBuildFile; fileRef = 3447C8D7194FFDDB00485A12 /* MBCheckMarkView.m */; };
		3447C932194FFDDB00485A12 /* MBSpinningCircle.m in Sources */ = {isa = PBXBuildFile; fileRef = 3447C8D9194FFDDB00485A12 /* MBSpinningCircle.m */; };
		3447C933194FFDDB00485A12 /* NotiView.m in Sources */ = {isa = PBXBuildFile; fileRef = 3447C8DC194FFDDB00485A12 /* NotiView.m */; };
		3447C934194FFDDB00485A12 /* NSTimer+Blocks.m in Sources */ = {isa = PBXBuildFile; fileRef = 3447C8DF194FFDDB00485A12 /* NSTimer+Blocks.m */; };
		3447C935194FFDDB00485A12 /* ODRefreshControl.m in Sources */ = {isa = PBXBuildFile; fileRef = 3447C8E2194FFDDB00485A12 /* ODRefreshControl.m */; };
		3447C936194FFDDB00485A12 /* apple calendar.plist in Resources */ = {isa = PBXBuildFile; fileRef = 3447C8E4194FFDDB00485A12 /* apple calendar.plist */; };
		3447C937194FFDDB00485A12 /* background.png in Resources */ = {isa = PBXBuildFile; fileRef = 3447C8E5194FFDDB00485A12 /* background.png */; };
		3447C938194FFDDB00485A12 /* background@2x.png in Resources */ = {isa = PBXBuildFile; fileRef = 3447C8E6194FFDDB00485A12 /* background@2x.png */; };
		3447C939194FFDDB00485A12 /* NSDate+CalendarHelper.m in Sources */ = {isa = PBXBuildFile; fileRef = 3447C8E8194FFDDB00485A12 /* NSDate+CalendarHelper.m */; };
		3447C93A194FFDDB00485A12 /* OKCalendarBackgroundView.m in Sources */ = {isa = PBXBuildFile; fileRef = 3447C8EA194FFDDB00485A12 /* OKCalendarBackgroundView.m */; };
		3447C93B194FFDDB00485A12 /* OKCalendarView.m in Sources */ = {isa = PBXBuildFile; fileRef = 3447C8EE194FFDDB00485A12 /* OKCalendarView.m */; };
		3447C93C194FFDDB00485A12 /* OKDaysView.m in Sources */ = {isa = PBXBuildFile; fileRef = 3447C8F0194FFDDB00485A12 /* OKDaysView.m */; };
		3447C93D194FFDDB00485A12 /* OKDimmingView.m in Sources */ = {isa = PBXBuildFile; fileRef = 3447C8F2194FFDDB00485A12 /* OKDimmingView.m */; };
		3447C93E194FFDDB00485A12 /* OKPeriod.m in Sources */ = {isa = PBXBuildFile; fileRef = 3447C8F4194FFDDB00485A12 /* OKPeriod.m */; };
		3447C93F194FFDDB00485A12 /* OKPopoverCalendarController.m in Sources */ = {isa = PBXBuildFile; fileRef = 3447C8F7194FFDDB00485A12 /* OKPopoverCalendarController.m */; };
		3447C940194FFDDB00485A12 /* OKSelectionView.m in Sources */ = {isa = PBXBuildFile; fileRef = 3447C8F9194FFDDB00485A12 /* OKSelectionView.m */; };
		3447C941194FFDDB00485A12 /* OKThemeEngine.m in Sources */ = {isa = PBXBuildFile; fileRef = 3447C8FC194FFDDB00485A12 /* OKThemeEngine.m */; };
		3447C942194FFDDB00485A12 /* OKThemeShadow.m in Sources */ = {isa = PBXBuildFile; fileRef = 3447C8FE194FFDDB00485A12 /* OKThemeShadow.m */; };
		3447C943194FFDDB00485A12 /* TSMessage.m in Sources */ = {isa = PBXBuildFile; fileRef = 3447C906194FFDDB00485A12 /* TSMessage.m */; };
		3447C944194FFDDB00485A12 /* UIColor+MLColorAdditions.m in Sources */ = {isa = PBXBuildFile; fileRef = 3447C909194FFDDB00485A12 /* UIColor+MLColorAdditions.m */; };
		3447C945194FFDDB00485A12 /* design.json in Resources */ = {isa = PBXBuildFile; fileRef = 3447C90B194FFDDB00485A12 /* design.json */; };
		3447C946194FFDDB00485A12 /* NotificationBackgroundError.png in Resources */ = {isa = PBXBuildFile; fileRef = 3447C90D194FFDDB00485A12 /* NotificationBackgroundError.png */; };
		3447C947194FFDDB00485A12 /* NotificationBackgroundError@2x.png in Resources */ = {isa = PBXBuildFile; fileRef = 3447C90E194FFDDB00485A12 /* NotificationBackgroundError@2x.png */; };
		3447C948194FFDDB00485A12 /* NotificationBackgroundErrorIcon.png in Resources */ = {isa = PBXBuildFile; fileRef = 3447C90F194FFDDB00485A12 /* NotificationBackgroundErrorIcon.png */; };
		3447C949194FFDDB00485A12 /* NotificationBackgroundErrorIcon@2x.png in Resources */ = {isa = PBXBuildFile; fileRef = 3447C910194FFDDB00485A12 /* NotificationBackgroundErrorIcon@2x.png */; };
		3447C94A194FFDDB00485A12 /* NotificationBackgroundMessage.png in Resources */ = {isa = PBXBuildFile; fileRef = 3447C911194FFDDB00485A12 /* NotificationBackgroundMessage.png */; };
		3447C94B194FFDDB00485A12 /* NotificationBackgroundMessage@2x.png in Resources */ = {isa = PBXBuildFile; fileRef = 3447C912194FFDDB00485A12 /* NotificationBackgroundMessage@2x.png */; };
		3447C94C194FFDDB00485A12 /* NotificationBackgroundSuccess.png in Resources */ = {isa = PBXBuildFile; fileRef = 3447C913194FFDDB00485A12 /* NotificationBackgroundSuccess.png */; };
		3447C94D194FFDDB00485A12 /* NotificationBackgroundSuccess@2x.png in Resources */ = {isa = PBXBuildFile; fileRef = 3447C914194FFDDB00485A12 /* NotificationBackgroundSuccess@2x.png */; };
		3447C94E194FFDDB00485A12 /* NotificationBackgroundSuccessIcon.png in Resources */ = {isa = PBXBuildFile; fileRef = 3447C915194FFDDB00485A12 /* NotificationBackgroundSuccessIcon.png */; };
		3447C94F194FFDDB00485A12 /* NotificationBackgroundSuccessIcon@2x.png in Resources */ = {isa = PBXBuildFile; fileRef = 3447C916194FFDDB00485A12 /* NotificationBackgroundSuccessIcon@2x.png */; };
		3447C950194FFDDB00485A12 /* NotificationBackgroundWarning.png in Resources */ = {isa = PBXBuildFile; fileRef = 3447C917194FFDDB00485A12 /* NotificationBackgroundWarning.png */; };
		3447C951194FFDDB00485A12 /* NotificationBackgroundWarning@2x.png in Resources */ = {isa = PBXBuildFile; fileRef = 3447C918194FFDDB00485A12 /* NotificationBackgroundWarning@2x.png */; };
		3447C952194FFDDB00485A12 /* NotificationBackgroundWarningIcon.png in Resources */ = {isa = PBXBuildFile; fileRef = 3447C919194FFDDB00485A12 /* NotificationBackgroundWarningIcon.png */; };
		3447C953194FFDDB00485A12 /* NotificationBackgroundWarningIcon@2x.png in Resources */ = {isa = PBXBuildFile; fileRef = 3447C91A194FFDDB00485A12 /* NotificationBackgroundWarningIcon@2x.png */; };
		3447C954194FFDDB00485A12 /* NotificationButtonBackground.png in Resources */ = {isa = PBXBuildFile; fileRef = 3447C91B194FFDDB00485A12 /* NotificationButtonBackground.png */; };
		3447C955194FFDDB00485A12 /* NotificationButtonBackground@2x.png in Resources */ = {isa = PBXBuildFile; fileRef = 3447C91C194FFDDB00485A12 /* NotificationButtonBackground@2x.png */; };
		3447C956194FFDDB00485A12 /* TSMessageView.m in Sources */ = {isa = PBXBuildFile; fileRef = 3447C91F194FFDDB00485A12 /* TSMessageView.m */; };
		3469086B1789307700568BD8 /* TextViewController.m in Sources */ = {isa = PBXBuildFile; fileRef = 346908691789307700568BD8 /* TextViewController.m */; };
		3469086C1789307700568BD8 /* TextViewController.xib in Resources */ = {isa = PBXBuildFile; fileRef = 3469086A1789307700568BD8 /* TextViewController.xib */; };
		3492923F1738E9C600AF537C /* UIKit.framework in Frameworks */ = {isa = PBXBuildFile; fileRef = 3492923E1738E9C600AF537C /* UIKit.framework */; };
		349292411738E9C600AF537C /* Foundation.framework in Frameworks */ = {isa = PBXBuildFile; fileRef = 349292401738E9C600AF537C /* Foundation.framework */; };
		349292431738E9C600AF537C /* CoreGraphics.framework in Frameworks */ = {isa = PBXBuildFile; fileRef = 349292421738E9C600AF537C /* CoreGraphics.framework */; };
		349292491738E9C600AF537C /* InfoPlist.strings in Resources */ = {isa = PBXBuildFile; fileRef = 349292471738E9C600AF537C /* InfoPlist.strings */; };
		3492924B1738E9C600AF537C /* main.m in Sources */ = {isa = PBXBuildFile; fileRef = 3492924A1738E9C600AF537C /* main.m */; };
		3492924F1738E9C600AF537C /* AppDelegate.m in Sources */ = {isa = PBXBuildFile; fileRef = 3492924E1738E9C600AF537C /* AppDelegate.m */; };
		349292511738E9C600AF537C /* Default.png in Resources */ = {isa = PBXBuildFile; fileRef = 349292501738E9C600AF537C /* Default.png */; };
		349292531738E9C600AF537C /* Default@2x.png in Resources */ = {isa = PBXBuildFile; fileRef = 349292521738E9C600AF537C /* Default@2x.png */; };
		349292551738E9C600AF537C /* Default-568h@2x.png in Resources */ = {isa = PBXBuildFile; fileRef = 349292541738E9C600AF537C /* Default-568h@2x.png */; };
		349292581738E9C600AF537C /* MasterViewController.m in Sources */ = {isa = PBXBuildFile; fileRef = 349292571738E9C600AF537C /* MasterViewController.m */; };
		3492925E1738E9C700AF537C /* MasterViewController.xib in Resources */ = {isa = PBXBuildFile; fileRef = 3492925C1738E9C700AF537C /* MasterViewController.xib */; };
		3496D3BD174B6B1D00B075F8 /* back5.png in Resources */ = {isa = PBXBuildFile; fileRef = 3496D3BC174B6B1D00B075F8 /* back5.png */; };
		349B1518174DCAC0004DA294 /* Localizable.strings in Resources */ = {isa = PBXBuildFile; fileRef = 349B151A174DCAC0004DA294 /* Localizable.strings */; };
		349B152E174DE234004DA294 /* CFNetwork.framework in Frameworks */ = {isa = PBXBuildFile; fileRef = 349B152B174DE232004DA294 /* CFNetwork.framework */; };
		349B152F174DE234004DA294 /* StoreKit.framework in Frameworks */ = {isa = PBXBuildFile; fileRef = 349B152C174DE232004DA294 /* StoreKit.framework */; };
		349B1530174DE234004DA294 /* SystemConfiguration.framework in Frameworks */ = {isa = PBXBuildFile; fileRef = 349B152D174DE233004DA294 /* SystemConfiguration.framework */; };
		349D5A371746192600C1B841 /* QuartzCore.framework in Frameworks */ = {isa = PBXBuildFile; fileRef = 349D5A361746192600C1B841 /* QuartzCore.framework */; };
		349D5A3B17461E5B00C1B841 /* back.png in Resources */ = {isa = PBXBuildFile; fileRef = 349D5A3A17461E5B00C1B841 /* back.png */; };
		349D5A3D17461FF300C1B841 /* image1.png in Resources */ = {isa = PBXBuildFile; fileRef = 349D5A3C17461FF300C1B841 /* image1.png */; };
		349D5A42174620C000C1B841 /* image2.png in Resources */ = {isa = PBXBuildFile; fileRef = 349D5A3E174620C000C1B841 /* image2.png */; };
		349D5A43174620C000C1B841 /* image3.png in Resources */ = {isa = PBXBuildFile; fileRef = 349D5A3F174620C000C1B841 /* image3.png */; };
		349D5A44174620C000C1B841 /* image4.png in Resources */ = {isa = PBXBuildFile; fileRef = 349D5A40174620C000C1B841 /* image4.png */; };
		349D5A45174620C000C1B841 /* image5.png in Resources */ = {isa = PBXBuildFile; fileRef = 349D5A41174620C000C1B841 /* image5.png */; };
		349D5A471746221700C1B841 /* back3.png in Resources */ = {isa = PBXBuildFile; fileRef = 349D5A461746221700C1B841 /* back3.png */; };
		349D5A4917462C7B00C1B841 /* back4.png in Resources */ = {isa = PBXBuildFile; fileRef = 349D5A4817462C7B00C1B841 /* back4.png */; };
		34BD3BD2174A02C200741A4B /* cancel.png in Resources */ = {isa = PBXBuildFile; fileRef = 34BD3BD0174A02C200741A4B /* cancel.png */; };
		34BD3BD3174A02C200741A4B /* ok.png in Resources */ = {isa = PBXBuildFile; fileRef = 34BD3BD1174A02C200741A4B /* ok.png */; };
		34BD3C00174A1C5B00741A4B /* CoreText.framework in Frameworks */ = {isa = PBXBuildFile; fileRef = 34BD3BFF174A1C5B00741A4B /* CoreText.framework */; };
/* End PBXBuildFile section */

/* Begin PBXFileReference section */
		3447C86E194FFDB100485A12 /* BButton.h */ = {isa = PBXFileReference; fileEncoding = 4; lastKnownFileType = sourcecode.c.h; path = BButton.h; sourceTree = "<group>"; };
		3447C86F194FFDB100485A12 /* BButton.m */ = {isa = PBXFileReference; fileEncoding = 4; lastKnownFileType = sourcecode.c.objc; path = BButton.m; sourceTree = "<group>"; };
		3447C870194FFDB100485A12 /* NSString+FontAwesome.h */ = {isa = PBXFileReference; fileEncoding = 4; lastKnownFileType = sourcecode.c.h; path = "NSString+FontAwesome.h"; sourceTree = "<group>"; };
		3447C871194FFDB100485A12 /* NSString+FontAwesome.m */ = {isa = PBXFileReference; fileEncoding = 4; lastKnownFileType = sourcecode.c.objc; path = "NSString+FontAwesome.m"; sourceTree = "<group>"; };
		3447C873194FFDB100485A12 /* FontAwesome.ttf */ = {isa = PBXFileReference; lastKnownFileType = file; path = FontAwesome.ttf; sourceTree = "<group>"; };
		3447C874194FFDB100485A12 /* UIColor+BButton.h */ = {isa = PBXFileReference; fileEncoding = 4; lastKnownFileType = sourcecode.c.h; path = "UIColor+BButton.h"; sourceTree = "<group>"; };
		3447C875194FFDB100485A12 /* UIColor+BButton.m */ = {isa = PBXFileReference; fileEncoding = 4; lastKnownFileType = sourcecode.c.objc; path = "UIColor+BButton.m"; sourceTree = "<group>"; };
		3447C877194FFDB100485A12 /* DDSocialDialog.h */ = {isa = PBXFileReference; fileEncoding = 4; lastKnownFileType = sourcecode.c.h; path = DDSocialDialog.h; sourceTree = "<group>"; };
		3447C878194FFDB100485A12 /* DDSocialDialog.m */ = {isa = PBXFileReference; fileEncoding = 4; lastKnownFileType = sourcecode.c.objc; path = DDSocialDialog.m; sourceTree = "<group>"; };
		3447C879194FFDB100485A12 /* DDSocialLoginDialog.h */ = {isa = PBXFileReference; fileEncoding = 4; lastKnownFileType = sourcecode.c.h; path = DDSocialLoginDialog.h; sourceTree = "<group>"; };
		3447C87A194FFDB100485A12 /* DDSocialLoginDialog.m */ = {isa = PBXFileReference; fileEncoding = 4; lastKnownFileType = sourcecode.c.objc; path = DDSocialLoginDialog.m; sourceTree = "<group>"; };
		3447C87E194FFDB100485A12 /* EGORefreshTableHeaderView.h */ = {isa = PBXFileReference; fileEncoding = 4; lastKnownFileType = sourcecode.c.h; path = EGORefreshTableHeaderView.h; sourceTree = "<group>"; };
		3447C87F194FFDB100485A12 /* EGORefreshTableHeaderView.m */ = {isa = PBXFileReference; fileEncoding = 4; lastKnownFileType = sourcecode.c.objc; path = EGORefreshTableHeaderView.m; sourceTree = "<group>"; };
		3447C881194FFDB100485A12 /* blackArrow.png */ = {isa = PBXFileReference; lastKnownFileType = image.png; path = blackArrow.png; sourceTree = "<group>"; };
		3447C882194FFDB100485A12 /* blackArrow@2x.png */ = {isa = PBXFileReference; lastKnownFileType = image.png; path = "blackArrow@2x.png"; sourceTree = "<group>"; };
		3447C883194FFDB100485A12 /* blueArrow.png */ = {isa = PBXFileReference; lastKnownFileType = image.png; path = blueArrow.png; sourceTree = "<group>"; };
		3447C884194FFDB100485A12 /* blueArrow@2x.png */ = {isa = PBXFileReference; lastKnownFileType = image.png; path = "blueArrow@2x.png"; sourceTree = "<group>"; };
		3447C885194FFDB100485A12 /* grayArrow.png */ = {isa = PBXFileReference; lastKnownFileType = image.png; path = grayArrow.png; sourceTree = "<group>"; };
		3447C886194FFDB100485A12 /* grayArrow@2x.png */ = {isa = PBXFileReference; lastKnownFileType = image.png; path = "grayArrow@2x.png"; sourceTree = "<group>"; };
		3447C887194FFDB100485A12 /* whiteArrow.png */ = {isa = PBXFileReference; lastKnownFileType = image.png; path = whiteArrow.png; sourceTree = "<group>"; };
		3447C888194FFDB100485A12 /* whiteArrow@2x.png */ = {isa = PBXFileReference; lastKnownFileType = image.png; path = "whiteArrow@2x.png"; sourceTree = "<group>"; };
		3447C88B194FFDB100485A12 /* en */ = {isa = PBXFileReference; lastKnownFileType = text.plist.strings; name = en; path = InfoPlist.strings; sourceTree = "<group>"; };
		3447C88D194FFDB100485A12 /* en */ = {isa = PBXFileReference; lastKnownFileType = text.plist.strings; name = en; path = Localizable.strings; sourceTree = "<group>"; };
		3447C88F194FFDB100485A12 /* en */ = {isa = PBXFileReference; lastKnownFileType = file.xib; name = en; path = MasterViewController.xib; sourceTree = "<group>"; };
		3447C890194FFDB100485A12 /* Icon-72.png */ = {isa = PBXFileReference; lastKnownFileType = image.png; path = "Icon-72.png"; sourceTree = "<group>"; };
		3447C891194FFDB100485A12 /* Icon-72@2x.png */ = {isa = PBXFileReference; lastKnownFileType = image.png; path = "Icon-72@2x.png"; sourceTree = "<group>"; };
		3447C892194FFDB100485A12 /* Icon.png */ = {isa = PBXFileReference; lastKnownFileType = image.png; path = Icon.png; sourceTree = "<group>"; };
		3447C8A8194FFDC400485A12 /* Icon@2x.png */ = {isa = PBXFileReference; lastKnownFileType = image.png; path = "Icon@2x.png"; sourceTree = "<group>"; };
		3447C8A9194FFDC400485A12 /* InputViewController.h */ = {isa = PBXFileReference; fileEncoding = 4; lastKnownFileType = sourcecode.c.h; path = InputViewController.h; sourceTree = "<group>"; };
		3447C8AA194FFDC400485A12 /* InputViewController.m */ = {isa = PBXFileReference; fileEncoding = 4; lastKnownFileType = sourcecode.c.objc; path = InputViewController.m; sourceTree = "<group>"; };
		3447C8AD194FFDDB00485A12 /* InputViewController.xib */ = {isa = PBXFileReference; fileEncoding = 4; lastKnownFileType = file.xib; path = InputViewController.xib; sourceTree = "<group>"; };
		3447C8B0194FFDDB00485A12 /* ja */ = {isa = PBXFileReference; lastKnownFileType = text.plist.strings; name = ja; path = InfoPlist.strings; sourceTree = "<group>"; };
		3447C8B2194FFDDB00485A12 /* ja */ = {isa = PBXFileReference; lastKnownFileType = text.plist.strings; name = ja; path = Localizable.strings; sourceTree = "<group>"; };
		3447C8B4194FFDDB00485A12 /* ja */ = {isa = PBXFileReference; lastKnownFileType = file.xib; name = ja; path = MasterViewController.xib; sourceTree = "<group>"; };
		3447C8B8194FFDDB00485A12 /* .gitignore */ = {isa = PBXFileReference; fileEncoding = 4; lastKnownFileType = text; path = .gitignore; sourceTree = "<group>"; };
		3447C8B9194FFDDB00485A12 /* Appirater.h */ = {isa = PBXFileReference; fileEncoding = 4; lastKnownFileType = sourcecode.c.h; path = Appirater.h; sourceTree = "<group>"; };
		3447C8BA194FFDDB00485A12 /* Appirater.m */ = {isa = PBXFileReference; fileEncoding = 4; lastKnownFileType = sourcecode.c.objc; path = Appirater.m; sourceTree = "<group>"; };
		3447C8BB194FFDDB00485A12 /* Appirater.podspec */ = {isa = PBXFileReference; fileEncoding = 4; lastKnownFileType = text; path = Appirater.podspec; sourceTree = "<group>"; };
		3447C8BC194FFDDB00485A12 /* AppiraterDelegate.h */ = {isa = PBXFileReference; fileEncoding = 4; lastKnownFileType = sourcecode.c.h; path = AppiraterDelegate.h; sourceTree = "<group>"; };
		3447C8BE194FFDDB00485A12 /* en */ = {isa = PBXFileReference; lastKnownFileType = text.plist.strings; name = en; path = en.lproj/AppiraterLocalizable.strings; sourceTree = "<group>"; };
		3447C8BF194FFDDB00485A12 /* ja */ = {isa = PBXFileReference; lastKnownFileType = text.plist.strings; name = ja; path = ja.lproj/AppiraterLocalizable.strings; sourceTree = "<group>"; };
		3447C8C2194FFDDB00485A12 /* NSString+Trim.h */ = {isa = PBXFileReference; fileEncoding = 4; lastKnownFileType = sourcecode.c.h; path = "NSString+Trim.h"; sourceTree = "<group>"; };
		3447C8C3194FFDDB00485A12 /* NSString+Trim.m */ = {isa = PBXFileReference; fileEncoding = 4; lastKnownFileType = sourcecode.c.objc; path = "NSString+Trim.m"; sourceTree = "<group>"; };
		3447C8C4194FFDDB00485A12 /* UIFont+Alert.h */ = {isa = PBXFileReference; fileEncoding = 4; lastKnownFileType = sourcecode.c.h; path = "UIFont+Alert.h"; sourceTree = "<group>"; };
		3447C8C5194FFDDB00485A12 /* UIFont+Alert.m */ = {isa = PBXFileReference; fileEncoding = 4; lastKnownFileType = sourcecode.c.objc; path = "UIFont+Alert.m"; sourceTree = "<group>"; };
		3447C8C6194FFDDB00485A12 /* UIView+Alert.h */ = {isa = PBXFileReference; fileEncoding = 4; lastKnownFileType = sourcecode.c.h; path = "UIView+Alert.h"; sourceTree = "<group>"; };
		3447C8C7194FFDDB00485A12 /* UIView+Alert.m */ = {isa = PBXFileReference; fileEncoding = 4; lastKnownFileType = sourcecode.c.objc; path = "UIView+Alert.m"; sourceTree = "<group>"; };
		3447C8C8194FFDDB00485A12 /* MBAlertAbstract.h */ = {isa = PBXFileReference; fileEncoding = 4; lastKnownFileType = sourcecode.c.h; path = MBAlertAbstract.h; sourceTree = "<group>"; };
		3447C8C9194FFDDB00485A12 /* MBAlertAbstract.m */ = {isa = PBXFileReference; fileEncoding = 4; lastKnownFileType = sourcecode.c.objc; path = MBAlertAbstract.m; sourceTree = "<group>"; };
		3447C8CA194FFDDB00485A12 /* MBAlertView.h */ = {isa = PBXFileReference; fileEncoding = 4; lastKnownFileType = sourcecode.c.h; path = MBAlertView.h; sourceTree = "<group>"; };
		3447C8CB194FFDDB00485A12 /* MBAlertView.m */ = {isa = PBXFileReference; fileEncoding = 4; lastKnownFileType = sourcecode.c.objc; path = MBAlertView.m; sourceTree = "<group>"; };
		3447C8CC194FFDDB00485A12 /* MBHUDView.h */ = {isa = PBXFileReference; fileEncoding = 4; lastKnownFileType = sourcecode.c.h; path = MBHUDView.h; sourceTree = "<group>"; };
		3447C8CD194FFDDB00485A12 /* MBHUDView.m */ = {isa = PBXFileReference; fileEncoding = 4; lastKnownFileType = sourcecode.c.objc; path = MBHUDView.m; sourceTree = "<group>"; };
		3447C8CF194FFDDB00485A12 /* MBAlertViewItem.h */ = {isa = PBXFileReference; fileEncoding = 4; lastKnownFileType = sourcecode.c.h; path = MBAlertViewItem.h; sourceTree = "<group>"; };
		3447C8D0194FFDDB00485A12 /* MBAlertViewItem.m */ = {isa = PBXFileReference; fileEncoding = 4; lastKnownFileType = sourcecode.c.objc; path = MBAlertViewItem.m; sourceTree = "<group>"; };
		3447C8D1194FFDDB00485A12 /* MBAlertViewSubclass.h */ = {isa = PBXFileReference; fileEncoding = 4; lastKnownFileType = sourcecode.c.h; path = MBAlertViewSubclass.h; sourceTree = "<group>"; };
		3447C8D3194FFDDB00485A12 /* AlertViewUI.h */ = {isa = PBXFileReference; fileEncoding = 4; lastKnownFileType = sourcecode.c.h; path = AlertViewUI.h; sourceTree = "<group>"; };
		3447C8D4194FFDDB00485A12 /* MBAlertViewButton.h */ = {isa = PBXFileReference; fileEncoding = 4; lastKnownFileType = sourcecode.c.h; path = MBAlertViewButton.h; sourceTree = "<group>"; };
		3447C8D5194FFDDB00485A12 /* MBAlertViewButton.m */ = {isa = PBXFileReference; fileEncoding = 4; lastKnownFileType = sourcecode.c.objc; path = MBAlertViewButton.m; sourceTree = "<group>"; };
		3447C8D6194FFDDB00485A12 /* MBCheckMarkView.h */ = {isa = PBXFileReference; fileEncoding = 4; lastKnownFileType = sourcecode.c.h; path = MBCheckMarkView.h; sourceTree = "<group>"; };
		3447C8D7194FFDDB00485A12 /* MBCheckMarkView.m */ = {isa = PBXFileReference; fileEncoding = 4; lastKnownFileType = sourcecode.c.objc; path = MBCheckMarkView.m; sourceTree = "<group>"; };
		3447C8D8194FFDDB00485A12 /* MBSpinningCircle.h */ = {isa = PBXFileReference; fileEncoding = 4; lastKnownFileType = sourcecode.c.h; path = MBSpinningCircle.h; sourceTree = "<group>"; };
		3447C8D9194FFDDB00485A12 /* MBSpinningCircle.m */ = {isa = PBXFileReference; fileEncoding = 4; lastKnownFileType = sourcecode.c.objc; path = MBSpinningCircle.m; sourceTree = "<group>"; };
		3447C8DB194FFDDB00485A12 /* NotiView.h */ = {isa = PBXFileReference; fileEncoding = 4; lastKnownFileType = sourcecode.c.h; path = NotiView.h; sourceTree = "<group>"; };
		3447C8DC194FFDDB00485A12 /* NotiView.m */ = {isa = PBXFileReference; fileEncoding = 4; lastKnownFileType = sourcecode.c.objc; path = NotiView.m; sourceTree = "<group>"; };
		3447C8DE194FFDDB00485A12 /* NSTimer+Blocks.h */ = {isa = PBXFileReference; fileEncoding = 4; lastKnownFileType = sourcecode.c.h; path = "NSTimer+Blocks.h"; sourceTree = "<group>"; };
		3447C8DF194FFDDB00485A12 /* NSTimer+Blocks.m */ = {isa = PBXFileReference; fileEncoding = 4; lastKnownFileType = sourcecode.c.objc; path = "NSTimer+Blocks.m"; sourceTree = "<group>"; };
		3447C8E1194FFDDB00485A12 /* ODRefreshControl.h */ = {isa = PBXFileReference; fileEncoding = 4; lastKnownFileType = sourcecode.c.h; path = ODRefreshControl.h; sourceTree = "<group>"; };
		3447C8E2194FFDDB00485A12 /* ODRefreshControl.m */ = {isa = PBXFileReference; fileEncoding = 4; lastKnownFileType = sourcecode.c.objc; path = ODRefreshControl.m; sourceTree = "<group>"; };
		3447C8E4194FFDDB00485A12 /* apple calendar.plist */ = {isa = PBXFileReference; fileEncoding = 4; lastKnownFileType = text.plist.xml; path = "apple calendar.plist"; sourceTree = "<group>"; };
		3447C8E5194FFDDB00485A12 /* background.png */ = {isa = PBXFileReference; lastKnownFileType = image.png; path = background.png; sourceTree = "<group>"; };
		3447C8E6194FFDDB00485A12 /* background@2x.png */ = {isa = PBXFileReference; lastKnownFileType = image.png; path = "background@2x.png"; sourceTree = "<group>"; };
		3447C8E7194FFDDB00485A12 /* NSDate+CalendarHelper.h */ = {isa = PBXFileReference; fileEncoding = 4; lastKnownFileType = sourcecode.c.h; path = "NSDate+CalendarHelper.h"; sourceTree = "<group>"; };
		3447C8E8194FFDDB00485A12 /* NSDate+CalendarHelper.m */ = {isa = PBXFileReference; fileEncoding = 4; lastKnownFileType = sourcecode.c.objc; path = "NSDate+CalendarHelper.m"; sourceTree = "<group>"; };
		3447C8E9194FFDDB00485A12 /* OKCalendarBackgroundView.h */ = {isa = PBXFileReference; fileEncoding = 4; lastKnownFileType = sourcecode.c.h; path = OKCalendarBackgroundView.h; sourceTree = "<group>"; };
		3447C8EA194FFDDB00485A12 /* OKCalendarBackgroundView.m */ = {isa = PBXFileReference; fileEncoding = 4; lastKnownFileType = sourcecode.c.objc; path = OKCalendarBackgroundView.m; sourceTree = "<group>"; };
		3447C8EB194FFDDB00485A12 /* OKCalendarConstants.h */ = {isa = PBXFileReference; fileEncoding = 4; lastKnownFileType = sourcecode.c.h; path = OKCalendarConstants.h; sourceTree = "<group>"; };
		3447C8EC194FFDDB00485A12 /* OKCalendarHelper.h */ = {isa = PBXFileReference; fileEncoding = 4; lastKnownFileType = sourcecode.c.h; path = OKCalendarHelper.h; sourceTree = "<group>"; };
		3447C8ED194FFDDB00485A12 /* OKCalendarView.h */ = {isa = PBXFileReference; fileEncoding = 4; lastKnownFileType = sourcecode.c.h; path = OKCalendarView.h; sourceTree = "<group>"; };
		3447C8EE194FFDDB00485A12 /* OKCalendarView.m */ = {isa = PBXFileReference; fileEncoding = 4; lastKnownFileType = sourcecode.c.objc; path = OKCalendarView.m; sourceTree = "<group>"; };
		3447C8EF194FFDDB00485A12 /* OKDaysView.h */ = {isa = PBXFileReference; fileEncoding = 4; lastKnownFileType = sourcecode.c.h; path = OKDaysView.h; sourceTree = "<group>"; };
		3447C8F0194FFDDB00485A12 /* OKDaysView.m */ = {isa = PBXFileReference; fileEncoding = 4; lastKnownFileType = sourcecode.c.objc; path = OKDaysView.m; sourceTree = "<group>"; };
		3447C8F1194FFDDB00485A12 /* OKDimmingView.h */ = {isa = PBXFileReference; fileEncoding = 4; lastKnownFileType = sourcecode.c.h; path = OKDimmingView.h; sourceTree = "<group>"; };
		3447C8F2194FFDDB00485A12 /* OKDimmingView.m */ = {isa = PBXFileReference; fileEncoding = 4; lastKnownFileType = sourcecode.c.objc; path = OKDimmingView.m; sourceTree = "<group>"; };
		3447C8F3194FFDDB00485A12 /* OKPeriod.h */ = {isa = PBXFileReference; fileEncoding = 4; lastKnownFileType = sourcecode.c.h; path = OKPeriod.h; sourceTree = "<group>"; };
		3447C8F4194FFDDB00485A12 /* OKPeriod.m */ = {isa = PBXFileReference; fileEncoding = 4; lastKnownFileType = sourcecode.c.objc; path = OKPeriod.m; sourceTree = "<group>"; };
		3447C8F5194FFDDB00485A12 /* OKPopoverCalendar.h */ = {isa = PBXFileReference; fileEncoding = 4; lastKnownFileType = sourcecode.c.h; path = OKPopoverCalendar.h; sourceTree = "<group>"; };
		3447C8F6194FFDDB00485A12 /* OKPopoverCalendarController.h */ = {isa = PBXFileReference; fileEncoding = 4; lastKnownFileType = sourcecode.c.h; path = OKPopoverCalendarController.h; sourceTree = "<group>"; };
		3447C8F7194FFDDB00485A12 /* OKPopoverCalendarController.m */ = {isa = PBXFileReference; fileEncoding = 4; lastKnownFileType = sourcecode.c.objc; path = OKPopoverCalendarController.m; sourceTree = "<group>"; };
		3447C8F8194FFDDB00485A12 /* OKSelectionView.h */ = {isa = PBXFileReference; fileEncoding = 4; lastKnownFileType = sourcecode.c.h; path = OKSelectionView.h; sourceTree = "<group>"; };
		3447C8F9194FFDDB00485A12 /* OKSelectionView.m */ = {isa = PBXFileReference; fileEncoding = 4; lastKnownFileType = sourcecode.c.objc; path = OKSelectionView.m; sourceTree = "<group>"; };
		3447C8FA194FFDDB00485A12 /* OKTheme.h */ = {isa = PBXFileReference; fileEncoding = 4; lastKnownFileType = sourcecode.c.h; path = OKTheme.h; sourceTree = "<group>"; };
		3447C8FB194FFDDB00485A12 /* OKThemeEngine.h */ = {isa = PBXFileReference; fileEncoding = 4; lastKnownFileType = sourcecode.c.h; path = OKThemeEngine.h; sourceTree = "<group>"; };
		3447C8FC194FFDDB00485A12 /* OKThemeEngine.m */ = {isa = PBXFileReference; fileEncoding = 4; lastKnownFileType = sourcecode.c.objc; path = OKThemeEngine.m; sourceTree = "<group>"; };
		3447C8FD194FFDDB00485A12 /* OKThemeShadow.h */ = {isa = PBXFileReference; fileEncoding = 4; lastKnownFileType = sourcecode.c.h; path = OKThemeShadow.h; sourceTree = "<group>"; };
		3447C8FE194FFDDB00485A12 /* OKThemeShadow.m */ = {isa = PBXFileReference; fileEncoding = 4; lastKnownFileType = sourcecode.c.objc; path = OKThemeShadow.m; sourceTree = "<group>"; };
		3447C905194FFDDB00485A12 /* TSMessage.h */ = {isa = PBXFileReference; fileEncoding = 4; lastKnownFileType = sourcecode.c.h; path = TSMessage.h; sourceTree = "<group>"; };
		3447C906194FFDDB00485A12 /* TSMessage.m */ = {isa = PBXFileReference; fileEncoding = 4; lastKnownFileType = sourcecode.c.objc; path = TSMessage.m; sourceTree = "<group>"; };
		3447C908194FFDDB00485A12 /* UIColor+MLColorAdditions.h */ = {isa = PBXFileReference; fileEncoding = 4; lastKnownFileType = sourcecode.c.h; path = "UIColor+MLColorAdditions.h"; sourceTree = "<group>"; };
		3447C909194FFDDB00485A12 /* UIColor+MLColorAdditions.m */ = {isa = PBXFileReference; fileEncoding = 4; lastKnownFileType = sourcecode.c.objc; path = "UIColor+MLColorAdditions.m"; sourceTree = "<group>"; };
		3447C90B194FFDDB00485A12 /* design.json */ = {isa = PBXFileReference; fileEncoding = 4; lastKnownFileType = text.json; path = design.json; sourceTree = "<group>"; };
		3447C90D194FFDDB00485A12 /* NotificationBackgroundError.png */ = {isa = PBXFileReference; lastKnownFileType = image.png; path = NotificationBackgroundError.png; sourceTree = "<group>"; };
		3447C90E194FFDDB00485A12 /* NotificationBackgroundError@2x.png */ = {isa = PBXFileReference; lastKnownFileType = image.png; path = "NotificationBackgroundError@2x.png"; sourceTree = "<group>"; };
		3447C90F194FFDDB00485A12 /* NotificationBackgroundErrorIcon.png */ = {isa = PBXFileReference; lastKnownFileType = image.png; path = NotificationBackgroundErrorIcon.png; sourceTree = "<group>"; };
		3447C910194FFDDB00485A12 /* NotificationBackgroundErrorIcon@2x.png */ = {isa = PBXFileReference; lastKnownFileType = image.png; path = "NotificationBackgroundErrorIcon@2x.png"; sourceTree = "<group>"; };
		3447C911194FFDDB00485A12 /* NotificationBackgroundMessage.png */ = {isa = PBXFileReference; lastKnownFileType = image.png; path = NotificationBackgroundMessage.png; sourceTree = "<group>"; };
		3447C912194FFDDB00485A12 /* NotificationBackgroundMessage@2x.png */ = {isa = PBXFileReference; lastKnownFileType = image.png; path = "NotificationBackgroundMessage@2x.png"; sourceTree = "<group>"; };
		3447C913194FFDDB00485A12 /* NotificationBackgroundSuccess.png */ = {isa = PBXFileReference; lastKnownFileType = image.png; path = NotificationBackgroundSuccess.png; sourceTree = "<group>"; };
		3447C914194FFDDB00485A12 /* NotificationBackgroundSuccess@2x.png */ = {isa = PBXFileReference; lastKnownFileType = image.png; path = "NotificationBackgroundSuccess@2x.png"; sourceTree = "<group>"; };
		3447C915194FFDDB00485A12 /* NotificationBackgroundSuccessIcon.png */ = {isa = PBXFileReference; lastKnownFileType = image.png; path = NotificationBackgroundSuccessIcon.png; sourceTree = "<group>"; };
		3447C916194FFDDB00485A12 /* NotificationBackgroundSuccessIcon@2x.png */ = {isa = PBXFileReference; lastKnownFileType = image.png; path = "NotificationBackgroundSuccessIcon@2x.png"; sourceTree = "<group>"; };
		3447C917194FFDDB00485A12 /* NotificationBackgroundWarning.png */ = {isa = PBXFileReference; lastKnownFileType = image.png; path = NotificationBackgroundWarning.png; sourceTree = "<group>"; };
		3447C918194FFDDB00485A12 /* NotificationBackgroundWarning@2x.png */ = {isa = PBXFileReference; lastKnownFileType = image.png; path = "NotificationBackgroundWarning@2x.png"; sourceTree = "<group>"; };
		3447C919194FFDDB00485A12 /* NotificationBackgroundWarningIcon.png */ = {isa = PBXFileReference; lastKnownFileType = image.png; path = NotificationBackgroundWarningIcon.png; sourceTree = "<group>"; };
		3447C91A194FFDDB00485A12 /* NotificationBackgroundWarningIcon@2x.png */ = {isa = PBXFileReference; lastKnownFileType = image.png; path = "NotificationBackgroundWarningIcon@2x.png"; sourceTree = "<group>"; };
		3447C91B194FFDDB00485A12 /* NotificationButtonBackground.png */ = {isa = PBXFileReference; lastKnownFileType = image.png; path = NotificationButtonBackground.png; sourceTree = "<group>"; };
		3447C91C194FFDDB00485A12 /* NotificationButtonBackground@2x.png */ = {isa = PBXFileReference; lastKnownFileType = image.png; path = "NotificationButtonBackground@2x.png"; sourceTree = "<group>"; };
		3447C91E194FFDDB00485A12 /* TSMessageView.h */ = {isa = PBXFileReference; fileEncoding = 4; lastKnownFileType = sourcecode.c.h; path = TSMessageView.h; sourceTree = "<group>"; };
		3447C91F194FFDDB00485A12 /* TSMessageView.m */ = {isa = PBXFileReference; fileEncoding = 4; lastKnownFileType = sourcecode.c.objc; path = TSMessageView.m; sourceTree = "<group>"; };
		346908681789307600568BD8 /* TextViewController.h */ = {isa = PBXFileReference; fileEncoding = 4; lastKnownFileType = sourcecode.c.h; path = TextViewController.h; sourceTree = "<group>"; };
		346908691789307700568BD8 /* TextViewController.m */ = {isa = PBXFileReference; fileEncoding = 4; lastKnownFileType = sourcecode.c.objc; path = TextViewController.m; sourceTree = "<group>"; };
		3469086A1789307700568BD8 /* TextViewController.xib */ = {isa = PBXFileReference; fileEncoding = 4; lastKnownFileType = file.xib; path = TextViewController.xib; sourceTree = "<group>"; };
		3492923B1738E9C600AF537C /* contract.app */ = {isa = PBXFileReference; explicitFileType = wrapper.application; includeInIndex = 0; path = contract.app; sourceTree = BUILT_PRODUCTS_DIR; };
		3492923E1738E9C600AF537C /* UIKit.framework */ = {isa = PBXFileReference; lastKnownFileType = wrapper.framework; name = UIKit.framework; path = System/Library/Frameworks/UIKit.framework; sourceTree = SDKROOT; };
		349292401738E9C600AF537C /* Foundation.framework */ = {isa = PBXFileReference; lastKnownFileType = wrapper.framework; name = Foundation.framework; path = System/Library/Frameworks/Foundation.framework; sourceTree = SDKROOT; };
		349292421738E9C600AF537C /* CoreGraphics.framework */ = {isa = PBXFileReference; lastKnownFileType = wrapper.framework; name = CoreGraphics.framework; path = System/Library/Frameworks/CoreGraphics.framework; sourceTree = SDKROOT; };
		349292461738E9C600AF537C /* contract-Info.plist */ = {isa = PBXFileReference; lastKnownFileType = text.plist.xml; path = "contract-Info.plist"; sourceTree = "<group>"; };
		349292481738E9C600AF537C /* en */ = {isa = PBXFileReference; lastKnownFileType = text.plist.strings; name = en; path = en.lproj/InfoPlist.strings; sourceTree = "<group>"; };
		3492924A1738E9C600AF537C /* main.m */ = {isa = PBXFileReference; lastKnownFileType = sourcecode.c.objc; path = main.m; sourceTree = "<group>"; };
		3492924C1738E9C600AF537C /* contract-Prefix.pch */ = {isa = PBXFileReference; lastKnownFileType = sourcecode.c.h; path = "contract-Prefix.pch"; sourceTree = "<group>"; };
		3492924D1738E9C600AF537C /* AppDelegate.h */ = {isa = PBXFileReference; lastKnownFileType = sourcecode.c.h; path = AppDelegate.h; sourceTree = "<group>"; };
		3492924E1738E9C600AF537C /* AppDelegate.m */ = {isa = PBXFileReference; lastKnownFileType = sourcecode.c.objc; path = AppDelegate.m; sourceTree = "<group>"; };
		349292501738E9C600AF537C /* Default.png */ = {isa = PBXFileReference; lastKnownFileType = image.png; path = Default.png; sourceTree = "<group>"; };
		349292521738E9C600AF537C /* Default@2x.png */ = {isa = PBXFileReference; lastKnownFileType = image.png; path = "Default@2x.png"; sourceTree = "<group>"; };
		349292541738E9C600AF537C /* Default-568h@2x.png */ = {isa = PBXFileReference; lastKnownFileType = image.png; path = "Default-568h@2x.png"; sourceTree = "<group>"; };
		349292561738E9C600AF537C /* MasterViewController.h */ = {isa = PBXFileReference; lastKnownFileType = sourcecode.c.h; path = MasterViewController.h; sourceTree = "<group>"; };
		349292571738E9C600AF537C /* MasterViewController.m */ = {isa = PBXFileReference; lastKnownFileType = sourcecode.c.objc; path = MasterViewController.m; sourceTree = "<group>"; };
		3492925D1738E9C700AF537C /* en */ = {isa = PBXFileReference; lastKnownFileType = file.xib; name = en; path = en.lproj/MasterViewController.xib; sourceTree = "<group>"; };
		3496D3BC174B6B1D00B075F8 /* back5.png */ = {isa = PBXFileReference; lastKnownFileType = image.png; path = back5.png; sourceTree = "<group>"; };
		349B1514174DC9EF004DA294 /* ja */ = {isa = PBXFileReference; lastKnownFileType = file.xib; name = ja; path = ja.lproj/MasterViewController.xib; sourceTree = "<group>"; };
		349B1515174DC9EF004DA294 /* ja */ = {isa = PBXFileReference; lastKnownFileType = text.plist.strings; name = ja; path = ja.lproj/InfoPlist.strings; sourceTree = "<group>"; };
		349B1519174DCAC0004DA294 /* en */ = {isa = PBXFileReference; lastKnownFileType = text.plist.strings; name = en; path = en.lproj/Localizable.strings; sourceTree = "<group>"; };
		349B151B174DCAC3004DA294 /* ja */ = {isa = PBXFileReference; lastKnownFileType = text.plist.strings; name = ja; path = ja.lproj/Localizable.strings; sourceTree = "<group>"; };
		349B152B174DE232004DA294 /* CFNetwork.framework */ = {isa = PBXFileReference; lastKnownFileType = wrapper.framework; name = CFNetwork.framework; path = System/Library/Frameworks/CFNetwork.framework; sourceTree = SDKROOT; };
		349B152C174DE232004DA294 /* StoreKit.framework */ = {isa = PBXFileReference; lastKnownFileType = wrapper.framework; name = StoreKit.framework; path = System/Library/Frameworks/StoreKit.framework; sourceTree = SDKROOT; };
		349B152D174DE233004DA294 /* SystemConfiguration.framework */ = {isa = PBXFileReference; lastKnownFileType = wrapper.framework; name = SystemConfiguration.framework; path = System/Library/Frameworks/SystemConfiguration.framework; sourceTree = SDKROOT; };
		349D5A361746192600C1B841 /* QuartzCore.framework */ = {isa = PBXFileReference; lastKnownFileType = wrapper.framework; name = QuartzCore.framework; path = System/Library/Frameworks/QuartzCore.framework; sourceTree = SDKROOT; };
		349D5A3A17461E5B00C1B841 /* back.png */ = {isa = PBXFileReference; lastKnownFileType = image.png; path = back.png; sourceTree = "<group>"; };
		349D5A3C17461FF300C1B841 /* image1.png */ = {isa = PBXFileReference; lastKnownFileType = image.png; path = image1.png; sourceTree = "<group>"; };
		349D5A3E174620C000C1B841 /* image2.png */ = {isa = PBXFileReference; lastKnownFileType = image.png; path = image2.png; sourceTree = "<group>"; };
		349D5A3F174620C000C1B841 /* image3.png */ = {isa = PBXFileReference; lastKnownFileType = image.png; path = image3.png; sourceTree = "<group>"; };
		349D5A40174620C000C1B841 /* image4.png */ = {isa = PBXFileReference; lastKnownFileType = image.png; path = image4.png; sourceTree = "<group>"; };
		349D5A41174620C000C1B841 /* image5.png */ = {isa = PBXFileReference; lastKnownFileType = image.png; path = image5.png; sourceTree = "<group>"; };
		349D5A461746221700C1B841 /* back3.png */ = {isa = PBXFileReference; lastKnownFileType = image.png; path = back3.png; sourceTree = "<group>"; };
		349D5A4817462C7B00C1B841 /* back4.png */ = {isa = PBXFileReference; lastKnownFileType = image.png; path = back4.png; sourceTree = "<group>"; };
		34BD3BD0174A02C200741A4B /* cancel.png */ = {isa = PBXFileReference; lastKnownFileType = image.png; path = cancel.png; sourceTree = "<group>"; };
		34BD3BD1174A02C200741A4B /* ok.png */ = {isa = PBXFileReference; lastKnownFileType = image.png; path = ok.png; sourceTree = "<group>"; };
		34BD3BFF174A1C5B00741A4B /* CoreText.framework */ = {isa = PBXFileReference; lastKnownFileType = wrapper.framework; name = CoreText.framework; path = System/Library/Frameworks/CoreText.framework; sourceTree = SDKROOT; };
/* End PBXFileReference section */

/* Begin PBXFrameworksBuildPhase section */
		349292381738E9C600AF537C /* Frameworks */ = {
			isa = PBXFrameworksBuildPhase;
			buildActionMask = 2147483647;
			files = (
				349B152E174DE234004DA294 /* CFNetwork.framework in Frameworks */,
				349B152F174DE234004DA294 /* StoreKit.framework in Frameworks */,
				349B1530174DE234004DA294 /* SystemConfiguration.framework in Frameworks */,
				34BD3C00174A1C5B00741A4B /* CoreText.framework in Frameworks */,
				349D5A371746192600C1B841 /* QuartzCore.framework in Frameworks */,
				3492923F1738E9C600AF537C /* UIKit.framework in Frameworks */,
				349292411738E9C600AF537C /* Foundation.framework in Frameworks */,
				349292431738E9C600AF537C /* CoreGraphics.framework in Frameworks */,
			);
			runOnlyForDeploymentPostprocessing = 0;
		};
/* End PBXFrameworksBuildPhase section */

/* Begin PBXGroup section */
		3447C86C194FFDB100485A12 /* BBSocialDialog */ = {
			isa = PBXGroup;
			children = (
				3447C86D194FFDB100485A12 /* BButton */,
				3447C876194FFDB100485A12 /* DDSocialDialog */,
			);
			path = BBSocialDialog;
			sourceTree = "<group>";
		};
		3447C86D194FFDB100485A12 /* BButton */ = {
			isa = PBXGroup;
			children = (
				3447C86E194FFDB100485A12 /* BButton.h */,
				3447C86F194FFDB100485A12 /* BButton.m */,
				3447C870194FFDB100485A12 /* NSString+FontAwesome.h */,
				3447C871194FFDB100485A12 /* NSString+FontAwesome.m */,
				3447C872194FFDB100485A12 /* resources */,
				3447C874194FFDB100485A12 /* UIColor+BButton.h */,
				3447C875194FFDB100485A12 /* UIColor+BButton.m */,
			);
			path = BButton;
			sourceTree = "<group>";
		};
		3447C872194FFDB100485A12 /* resources */ = {
			isa = PBXGroup;
			children = (
				3447C873194FFDB100485A12 /* FontAwesome.ttf */,
			);
			path = resources;
			sourceTree = "<group>";
		};
		3447C876194FFDB100485A12 /* DDSocialDialog */ = {
			isa = PBXGroup;
			children = (
				3447C877194FFDB100485A12 /* DDSocialDialog.h */,
				3447C878194FFDB100485A12 /* DDSocialDialog.m */,
				3447C879194FFDB100485A12 /* DDSocialLoginDialog.h */,
				3447C87A194FFDB100485A12 /* DDSocialLoginDialog.m */,
			);
			path = DDSocialDialog;
			sourceTree = "<group>";
		};
		3447C87B194FFDB100485A12 /* EGOTableViewPullRefresh */ = {
			isa = PBXGroup;
			children = (
				3447C87C194FFDB100485A12 /* Classes */,
				3447C880194FFDB100485A12 /* Resources */,
			);
			path = EGOTableViewPullRefresh;
			sourceTree = "<group>";
		};
		3447C87C194FFDB100485A12 /* Classes */ = {
			isa = PBXGroup;
			children = (
				3447C87D194FFDB100485A12 /* View */,
			);
			path = Classes;
			sourceTree = "<group>";
		};
		3447C87D194FFDB100485A12 /* View */ = {
			isa = PBXGroup;
			children = (
				3447C87E194FFDB100485A12 /* EGORefreshTableHeaderView.h */,
				3447C87F194FFDB100485A12 /* EGORefreshTableHeaderView.m */,
			);
			path = View;
			sourceTree = "<group>";
		};
		3447C880194FFDB100485A12 /* Resources */ = {
			isa = PBXGroup;
			children = (
				3447C881194FFDB100485A12 /* blackArrow.png */,
				3447C882194FFDB100485A12 /* blackArrow@2x.png */,
				3447C883194FFDB100485A12 /* blueArrow.png */,
				3447C884194FFDB100485A12 /* blueArrow@2x.png */,
				3447C885194FFDB100485A12 /* grayArrow.png */,
				3447C886194FFDB100485A12 /* grayArrow@2x.png */,
				3447C887194FFDB100485A12 /* whiteArrow.png */,
				3447C888194FFDB100485A12 /* whiteArrow@2x.png */,
			);
			path = Resources;
			sourceTree = "<group>";
		};
		3447C889194FFDB100485A12 /* en.lproj */ = {
			isa = PBXGroup;
			children = (
				3447C88A194FFDB100485A12 /* InfoPlist.strings */,
				3447C88C194FFDB100485A12 /* Localizable.strings */,
				3447C88E194FFDB100485A12 /* MasterViewController.xib */,
			);
			path = en.lproj;
			sourceTree = "<group>";
		};
		3447C8AE194FFDDB00485A12 /* ja.lproj */ = {
			isa = PBXGroup;
			children = (
				3447C8AF194FFDDB00485A12 /* InfoPlist.strings */,
				3447C8B1194FFDDB00485A12 /* Localizable.strings */,
				3447C8B3194FFDDB00485A12 /* MasterViewController.xib */,
			);
			path = ja.lproj;
			sourceTree = "<group>";
		};
		3447C8B6194FFDDB00485A12 /* MBappirater */ = {
			isa = PBXGroup;
			children = (
				3447C8B7194FFDDB00485A12 /* appirater-master */,
				3447C8C0194FFDDB00485A12 /* MBAlertView */,
			);
			path = MBappirater;
			sourceTree = "<group>";
		};
		3447C8B7194FFDDB00485A12 /* appirater-master */ = {
			isa = PBXGroup;
			children = (
				3447C8B8194FFDDB00485A12 /* .gitignore */,
				3447C8B9194FFDDB00485A12 /* Appirater.h */,
				3447C8BA194FFDDB00485A12 /* Appirater.m */,
				3447C8BB194FFDDB00485A12 /* Appirater.podspec */,
				3447C8BC194FFDDB00485A12 /* AppiraterDelegate.h */,
				3447C8BD194FFDDB00485A12 /* AppiraterLocalizable.strings */,
			);
			path = "appirater-master";
			sourceTree = "<group>";
		};
		3447C8C0194FFDDB00485A12 /* MBAlertView */ = {
			isa = PBXGroup;
			children = (
				3447C8C1194FFDDB00485A12 /* Categories */,
				3447C8C8194FFDDB00485A12 /* MBAlertAbstract.h */,
				3447C8C9194FFDDB00485A12 /* MBAlertAbstract.m */,
				3447C8CA194FFDDB00485A12 /* MBAlertView.h */,
				3447C8CB194FFDDB00485A12 /* MBAlertView.m */,
				3447C8CC194FFDDB00485A12 /* MBHUDView.h */,
				3447C8CD194FFDDB00485A12 /* MBHUDView.m */,
				3447C8CE194FFDDB00485A12 /* Protected */,
				3447C8D2194FFDDB00485A12 /* Views */,
			);
			path = MBAlertView;
			sourceTree = "<group>";
		};
		3447C8C1194FFDDB00485A12 /* Categories */ = {
			isa = PBXGroup;
			children = (
				3447C8C2194FFDDB00485A12 /* NSString+Trim.h */,
				3447C8C3194FFDDB00485A12 /* NSString+Trim.m */,
				3447C8C4194FFDDB00485A12 /* UIFont+Alert.h */,
				3447C8C5194FFDDB00485A12 /* UIFont+Alert.m */,
				3447C8C6194FFDDB00485A12 /* UIView+Alert.h */,
				3447C8C7194FFDDB00485A12 /* UIView+Alert.m */,
			);
			path = Categories;
			sourceTree = "<group>";
		};
		3447C8CE194FFDDB00485A12 /* Protected */ = {
			isa = PBXGroup;
			children = (
				3447C8CF194FFDDB00485A12 /* MBAlertViewItem.h */,
				3447C8D0194FFDDB00485A12 /* MBAlertViewItem.m */,
				3447C8D1194FFDDB00485A12 /* MBAlertViewSubclass.h */,
			);
			path = Protected;
			sourceTree = "<group>";
		};
		3447C8D2194FFDDB00485A12 /* Views */ = {
			isa = PBXGroup;
			children = (
				3447C8D3194FFDDB00485A12 /* AlertViewUI.h */,
				3447C8D4194FFDDB00485A12 /* MBAlertViewButton.h */,
				3447C8D5194FFDDB00485A12 /* MBAlertViewButton.m */,
				3447C8D6194FFDDB00485A12 /* MBCheckMarkView.h */,
				3447C8D7194FFDDB00485A12 /* MBCheckMarkView.m */,
				3447C8D8194FFDDB00485A12 /* MBSpinningCircle.h */,
				3447C8D9194FFDDB00485A12 /* MBSpinningCircle.m */,
			);
			path = Views;
			sourceTree = "<group>";
		};
		3447C8DA194FFDDB00485A12 /* NotiView */ = {
			isa = PBXGroup;
			children = (
				3447C8DB194FFDDB00485A12 /* NotiView.h */,
				3447C8DC194FFDDB00485A12 /* NotiView.m */,
			);
			path = NotiView;
			sourceTree = "<group>";
		};
		3447C8DD194FFDDB00485A12 /* NSTimer+Blocks */ = {
			isa = PBXGroup;
			children = (
				3447C8DE194FFDDB00485A12 /* NSTimer+Blocks.h */,
				3447C8DF194FFDDB00485A12 /* NSTimer+Blocks.m */,
			);
			path = "NSTimer+Blocks";
			sourceTree = "<group>";
		};
		3447C8E0194FFDDB00485A12 /* ODRefreshControl */ = {
			isa = PBXGroup;
			children = (
				3447C8E1194FFDDB00485A12 /* ODRefreshControl.h */,
				3447C8E2194FFDDB00485A12 /* ODRefreshControl.m */,
			);
			path = ODRefreshControl;
			sourceTree = "<group>";
		};
		3447C8E3194FFDDB00485A12 /* OKPopoverCalendar */ = {
			isa = PBXGroup;
			children = (
				3447C8E4194FFDDB00485A12 /* apple calendar.plist */,
				3447C8E5194FFDDB00485A12 /* background.png */,
				3447C8E6194FFDDB00485A12 /* background@2x.png */,
				3447C8E7194FFDDB00485A12 /* NSDate+CalendarHelper.h */,
				3447C8E8194FFDDB00485A12 /* NSDate+CalendarHelper.m */,
				3447C8E9194FFDDB00485A12 /* OKCalendarBackgroundView.h */,
				3447C8EA194FFDDB00485A12 /* OKCalendarBackgroundView.m */,
				3447C8EB194FFDDB00485A12 /* OKCalendarConstants.h */,
				3447C8EC194FFDDB00485A12 /* OKCalendarHelper.h */,
				3447C8ED194FFDDB00485A12 /* OKCalendarView.h */,
				3447C8EE194FFDDB00485A12 /* OKCalendarView.m */,
				3447C8EF194FFDDB00485A12 /* OKDaysView.h */,
				3447C8F0194FFDDB00485A12 /* OKDaysView.m */,
				3447C8F1194FFDDB00485A12 /* OKDimmingView.h */,
				3447C8F2194FFDDB00485A12 /* OKDimmingView.m */,
				3447C8F3194FFDDB00485A12 /* OKPeriod.h */,
				3447C8F4194FFDDB00485A12 /* OKPeriod.m */,
				3447C8F5194FFDDB00485A12 /* OKPopoverCalendar.h */,
				3447C8F6194FFDDB00485A12 /* OKPopoverCalendarController.h */,
				3447C8F7194FFDDB00485A12 /* OKPopoverCalendarController.m */,
				3447C8F8194FFDDB00485A12 /* OKSelectionView.h */,
				3447C8F9194FFDDB00485A12 /* OKSelectionView.m */,
				3447C8FA194FFDDB00485A12 /* OKTheme.h */,
				3447C8FB194FFDDB00485A12 /* OKThemeEngine.h */,
				3447C8FC194FFDDB00485A12 /* OKThemeEngine.m */,
				3447C8FD194FFDDB00485A12 /* OKThemeShadow.h */,
				3447C8FE194FFDDB00485A12 /* OKThemeShadow.m */,
			);
			path = OKPopoverCalendar;
			sourceTree = "<group>";
		};
		3447C903194FFDDB00485A12 /* TSMessage */ = {
			isa = PBXGroup;
			children = (
				3447C904194FFDDB00485A12 /* Classes */,
				3447C90A194FFDDB00485A12 /* Resources */,
				3447C91D194FFDDB00485A12 /* Views */,
			);
			path = TSMessage;
			sourceTree = "<group>";
		};
		3447C904194FFDDB00485A12 /* Classes */ = {
			isa = PBXGroup;
			children = (
				3447C905194FFDDB00485A12 /* TSMessage.h */,
				3447C906194FFDDB00485A12 /* TSMessage.m */,
				3447C907194FFDDB00485A12 /* UIColorAdditions */,
			);
			path = Classes;
			sourceTree = "<group>";
		};
		3447C907194FFDDB00485A12 /* UIColorAdditions */ = {
			isa = PBXGroup;
			children = (
				3447C908194FFDDB00485A12 /* UIColor+MLColorAdditions.h */,
				3447C909194FFDDB00485A12 /* UIColor+MLColorAdditions.m */,
			);
			path = UIColorAdditions;
			sourceTree = "<group>";
		};
		3447C90A194FFDDB00485A12 /* Resources */ = {
			isa = PBXGroup;
			children = (
				3447C90B194FFDDB00485A12 /* design.json */,
				3447C90C194FFDDB00485A12 /* Images */,
			);
			path = Resources;
			sourceTree = "<group>";
		};
		3447C90C194FFDDB00485A12 /* Images */ = {
			isa = PBXGroup;
			children = (
				3447C90D194FFDDB00485A12 /* NotificationBackgroundError.png */,
				3447C90E194FFDDB00485A12 /* NotificationBackgroundError@2x.png */,
				3447C90F194FFDDB00485A12 /* NotificationBackgroundErrorIcon.png */,
				3447C910194FFDDB00485A12 /* NotificationBackgroundErrorIcon@2x.png */,
				3447C911194FFDDB00485A12 /* NotificationBackgroundMessage.png */,
				3447C912194FFDDB00485A12 /* NotificationBackgroundMessage@2x.png */,
				3447C913194FFDDB00485A12 /* NotificationBackgroundSuccess.png */,
				3447C914194FFDDB00485A12 /* NotificationBackgroundSuccess@2x.png */,
				3447C915194FFDDB00485A12 /* NotificationBackgroundSuccessIcon.png */,
				3447C916194FFDDB00485A12 /* NotificationBackgroundSuccessIcon@2x.png */,
				3447C917194FFDDB00485A12 /* NotificationBackgroundWarning.png */,
				3447C918194FFDDB00485A12 /* NotificationBackgroundWarning@2x.png */,
				3447C919194FFDDB00485A12 /* NotificationBackgroundWarningIcon.png */,
				3447C91A194FFDDB00485A12 /* NotificationBackgroundWarningIcon@2x.png */,
				3447C91B194FFDDB00485A12 /* NotificationButtonBackground.png */,
				3447C91C194FFDDB00485A12 /* NotificationButtonBackground@2x.png */,
			);
			path = Images;
			sourceTree = "<group>";
		};
		3447C91D194FFDDB00485A12 /* Views */ = {
			isa = PBXGroup;
			children = (
				3447C91E194FFDDB00485A12 /* TSMessageView.h */,
				3447C91F194FFDDB00485A12 /* TSMessageView.m */,
			);
			path = Views;
			sourceTree = "<group>";
		};
		349292321738E9C600AF537C = {
			isa = PBXGroup;
			children = (
				349292441738E9C600AF537C /* contract */,
				3492923D1738E9C600AF537C /* Frameworks */,
				3492923C1738E9C600AF537C /* Products */,
			);
			sourceTree = "<group>";
		};
		3492923C1738E9C600AF537C /* Products */ = {
			isa = PBXGroup;
			children = (
				3492923B1738E9C600AF537C /* contract.app */,
			);
			name = Products;
			sourceTree = "<group>";
		};
		3492923D1738E9C600AF537C /* Frameworks */ = {
			isa = PBXGroup;
			children = (
				349B152B174DE232004DA294 /* CFNetwork.framework */,
				349B152C174DE232004DA294 /* StoreKit.framework */,
				349B152D174DE233004DA294 /* SystemConfiguration.framework */,
				34BD3BFF174A1C5B00741A4B /* CoreText.framework */,
				349D5A361746192600C1B841 /* QuartzCore.framework */,
				3492923E1738E9C600AF537C /* UIKit.framework */,
				349292401738E9C600AF537C /* Foundation.framework */,
				349292421738E9C600AF537C /* CoreGraphics.framework */,
			);
			name = Frameworks;
			sourceTree = "<group>";
		};
		349292441738E9C600AF537C /* contract */ = {
			isa = PBXGroup;
			children = (
				3447C8AE194FFDDB00485A12 /* ja.lproj */,
				3447C8B6194FFDDB00485A12 /* MBappirater */,
				3447C8DA194FFDDB00485A12 /* NotiView */,
				3447C8DD194FFDDB00485A12 /* NSTimer+Blocks */,
				3447C8E0194FFDDB00485A12 /* ODRefreshControl */,
				3447C8E3194FFDDB00485A12 /* OKPopoverCalendar */,
				3447C903194FFDDB00485A12 /* TSMessage */,
				3447C86C194FFDB100485A12 /* BBSocialDialog */,
				3447C87B194FFDB100485A12 /* EGOTableViewPullRefresh */,
				3447C889194FFDB100485A12 /* en.lproj */,
				3492924D1738E9C600AF537C /* AppDelegate.h */,
				3492924E1738E9C600AF537C /* AppDelegate.m */,
				349292561738E9C600AF537C /* MasterViewController.h */,
				349292571738E9C600AF537C /* MasterViewController.m */,
				3492925C1738E9C700AF537C /* MasterViewController.xib */,
				3447C8A9194FFDC400485A12 /* InputViewController.h */,
				3447C8AA194FFDC400485A12 /* InputViewController.m */,
				3447C8AD194FFDDB00485A12 /* InputViewController.xib */,
				346908681789307600568BD8 /* TextViewController.h */,
				346908691789307700568BD8 /* TextViewController.m */,
				3469086A1789307700568BD8 /* TextViewController.xib */,
				349292451738E9C600AF537C /* Supporting Files */,
			);
			path = contract;
			sourceTree = "<group>";
		};
		349292451738E9C600AF537C /* Supporting Files */ = {
			isa = PBXGroup;
			children = (
				349B151A174DCAC0004DA294 /* Localizable.strings */,
				349292461738E9C600AF537C /* contract-Info.plist */,
				349292471738E9C600AF537C /* InfoPlist.strings */,
				3492924A1738E9C600AF537C /* main.m */,
				3492924C1738E9C600AF537C /* contract-Prefix.pch */,
				3447C8A8194FFDC400485A12 /* Icon@2x.png */,
				3447C890194FFDB100485A12 /* Icon-72.png */,
				3447C891194FFDB100485A12 /* Icon-72@2x.png */,
				3447C892194FFDB100485A12 /* Icon.png */,
				3496D3BC174B6B1D00B075F8 /* back5.png */,
				34BD3BD0174A02C200741A4B /* cancel.png */,
				34BD3BD1174A02C200741A4B /* ok.png */,
				349D5A4817462C7B00C1B841 /* back4.png */,
				349D5A461746221700C1B841 /* back3.png */,
				349D5A3E174620C000C1B841 /* image2.png */,
				349D5A3F174620C000C1B841 /* image3.png */,
				349D5A40174620C000C1B841 /* image4.png */,
				349D5A41174620C000C1B841 /* image5.png */,
				349D5A3C17461FF300C1B841 /* image1.png */,
				349D5A3A17461E5B00C1B841 /* back.png */,
				349292501738E9C600AF537C /* Default.png */,
				349292521738E9C600AF537C /* Default@2x.png */,
				349292541738E9C600AF537C /* Default-568h@2x.png */,
			);
			name = "Supporting Files";
			sourceTree = "<group>";
		};
/* End PBXGroup section */

/* Begin PBXNativeTarget section */
		3492923A1738E9C600AF537C /* contract */ = {
			isa = PBXNativeTarget;
			buildConfigurationList = 349292641738E9C700AF537C /* Build configuration list for PBXNativeTarget "contract" */;
			buildPhases = (
				349292371738E9C600AF537C /* Sources */,
				349292381738E9C600AF537C /* Frameworks */,
				349292391738E9C600AF537C /* Resources */,
			);
			buildRules = (
			);
			dependencies = (
			);
			name = contract;
			productName = contract;
			productReference = 3492923B1738E9C600AF537C /* contract.app */;
			productType = "com.apple.product-type.application";
		};
/* End PBXNativeTarget section */

/* Begin PBXProject section */
		349292331738E9C600AF537C /* Project object */ = {
			isa = PBXProject;
			attributes = {
				LastUpgradeCheck = 0460;
				ORGANIZATIONNAME = "羽野 真悟";
			};
			buildConfigurationList = 349292361738E9C600AF537C /* Build configuration list for PBXProject "contract" */;
			compatibilityVersion = "Xcode 3.2";
			developmentRegion = English;
			hasScannedForEncodings = 0;
			knownRegions = (
				en,
				ja,
			);
			mainGroup = 349292321738E9C600AF537C;
			productRefGroup = 3492923C1738E9C600AF537C /* Products */;
			projectDirPath = "";
			projectRoot = "";
			targets = (
				3492923A1738E9C600AF537C /* contract */,
			);
		};
/* End PBXProject section */

/* Begin PBXResourcesBuildPhase section */
		349292391738E9C600AF537C /* Resources */ = {
			isa = PBXResourcesBuildPhase;
			buildActionMask = 2147483647;
			files = (
				349292491738E9C600AF537C /* InfoPlist.strings in Resources */,
				349292511738E9C600AF537C /* Default.png in Resources */,
				349292531738E9C600AF537C /* Default@2x.png in Resources */,
				349292551738E9C600AF537C /* Default-568h@2x.png in Resources */,
				3492925E1738E9C700AF537C /* MasterViewController.xib in Resources */,
				349D5A3B17461E5B00C1B841 /* back.png in Resources */,
				349D5A3D17461FF300C1B841 /* image1.png in Resources */,
				349D5A42174620C000C1B841 /* image2.png in Resources */,
				349D5A43174620C000C1B841 /* image3.png in Resources */,
				349D5A44174620C000C1B841 /* image4.png in Resources */,
				349D5A45174620C000C1B841 /* image5.png in Resources */,
				349D5A471746221700C1B841 /* back3.png in Resources */,
				349D5A4917462C7B00C1B841 /* back4.png in Resources */,
				34BD3BD2174A02C200741A4B /* cancel.png in Resources */,
				34BD3BD3174A02C200741A4B /* ok.png in Resources */,
				3496D3BD174B6B1D00B075F8 /* back5.png in Resources */,
				349B1518174DCAC0004DA294 /* Localizable.strings in Resources */,
				3469086C1789307700568BD8 /* TextViewController.xib in Resources */,
				3447C895194FFDB100485A12 /* FontAwesome.ttf in Resources */,
				3447C89A194FFDB100485A12 /* blackArrow.png in Resources */,
				3447C89B194FFDB100485A12 /* blackArrow@2x.png in Resources */,
				3447C89C194FFDB100485A12 /* blueArrow.png in Resources */,
				3447C89D194FFDB100485A12 /* blueArrow@2x.png in Resources */,
				3447C89E194FFDB100485A12 /* grayArrow.png in Resources */,
				3447C89F194FFDB100485A12 /* grayArrow@2x.png in Resources */,
				3447C8A0194FFDB100485A12 /* whiteArrow.png in Resources */,
				3447C8A1194FFDB100485A12 /* whiteArrow@2x.png in Resources */,
				3447C8A2194FFDB100485A12 /* InfoPlist.strings in Resources */,
				3447C8A3194FFDB100485A12 /* Localizable.strings in Resources */,
				3447C8A4194FFDB100485A12 /* MasterViewController.xib in Resources */,
				3447C8A5194FFDB100485A12 /* Icon-72.png in Resources */,
				3447C8A6194FFDB100485A12 /* Icon-72@2x.png in Resources */,
				3447C8A7194FFDB100485A12 /* Icon.png in Resources */,
				3447C8AB194FFDC400485A12 /* Icon@2x.png in Resources */,
				3447C920194FFDDB00485A12 /* InputViewController.xib in Resources */,
				3447C921194FFDDB00485A12 /* InfoPlist.strings in Resources */,
				3447C922194FFDDB00485A12 /* Localizable.strings in Resources */,
				3447C923194FFDDB00485A12 /* MasterViewController.xib in Resources */,
				3447C925194FFDDB00485A12 /* .gitignore in Resources */,
				3447C927194FFDDB00485A12 /* Appirater.podspec in Resources */,
				3447C928194FFDDB00485A12 /* AppiraterLocalizable.strings in Resources */,
				3447C936194FFDDB00485A12 /* apple calendar.plist in Resources */,
				3447C937194FFDDB00485A12 /* background.png in Resources */,
				3447C938194FFDDB00485A12 /* background@2x.png in Resources */,
				3447C945194FFDDB00485A12 /* design.json in Resources */,
				3447C946194FFDDB00485A12 /* NotificationBackgroundError.png in Resources */,
				3447C947194FFDDB00485A12 /* NotificationBackgroundError@2x.png in Resources */,
				3447C948194FFDDB00485A12 /* NotificationBackgroundErrorIcon.png in Resources */,
				3447C949194FFDDB00485A12 /* NotificationBackgroundErrorIcon@2x.png in Resources */,
				3447C94A194FFDDB00485A12 /* NotificationBackgroundMessage.png in Resources */,
				3447C94B194FFDDB00485A12 /* NotificationBackgroundMessage@2x.png in Resources */,
				3447C94C194FFDDB00485A12 /* NotificationBackgroundSuccess.png in Resources */,
				3447C94D194FFDDB00485A12 /* NotificationBackgroundSuccess@2x.png in Resources */,
				3447C94E194FFDDB00485A12 /* NotificationBackgroundSuccessIcon.png in Resources */,
				3447C94F194FFDDB00485A12 /* NotificationBackgroundSuccessIcon@2x.png in Resources */,
				3447C950194FFDDB00485A12 /* NotificationBackgroundWarning.png in Resources */,
				3447C951194FFDDB00485A12 /* NotificationBackgroundWarning@2x.png in Resources */,
				3447C952194FFDDB00485A12 /* NotificationBackgroundWarningIcon.png in Resources */,
				3447C953194FFDDB00485A12 /* NotificationBackgroundWarningIcon@2x.png in Resources */,
				3447C954194FFDDB00485A12 /* NotificationButtonBackground.png in Resources */,
				3447C955194FFDDB00485A12 /* NotificationButtonBackground@2x.png in Resources */,
			);
			runOnlyForDeploymentPostprocessing = 0;
		};
/* End PBXResourcesBuildPhase section */

/* Begin PBXSourcesBuildPhase section */
		349292371738E9C600AF537C /* Sources */ = {
			isa = PBXSourcesBuildPhase;
			buildActionMask = 2147483647;
			files = (
				3492924B1738E9C600AF537C /* main.m in Sources */,
				3492924F1738E9C600AF537C /* AppDelegate.m in Sources */,
				349292581738E9C600AF537C /* MasterViewController.m in Sources */,
				3469086B1789307700568BD8 /* TextViewController.m in Sources */,
				3447C893194FFDB100485A12 /* BButton.m in Sources */,
				3447C894194FFDB100485A12 /* NSString+FontAwesome.m in Sources */,
				3447C896194FFDB100485A12 /* UIColor+BButton.m in Sources */,
				3447C897194FFDB100485A12 /* DDSocialDialog.m in Sources */,
				3447C898194FFDB100485A12 /* DDSocialLoginDialog.m in Sources */,
				3447C899194FFDB100485A12 /* EGORefreshTableHeaderView.m in Sources */,
				3447C8AC194FFDC400485A12 /* InputViewController.m in Sources */,
				3447C926194FFDDB00485A12 /* Appirater.m in Sources */,
				3447C929194FFDDB00485A12 /* NSString+Trim.m in Sources */,
				3447C92A194FFDDB00485A12 /* UIFont+Alert.m in Sources */,
				3447C92B194FFDDB00485A12 /* UIView+Alert.m in Sources */,
				3447C92C194FFDDB00485A12 /* MBAlertAbstract.m in Sources */,
				3447C92D194FFDDB00485A12 /* MBAlertView.m in Sources */,
				3447C92E194FFDDB00485A12 /* MBHUDView.m in Sources */,
				3447C92F194FFDDB00485A12 /* MBAlertViewItem.m in Sources */,
				3447C930194FFDDB00485A12 /* MBAlertViewButton.m in Sources */,
				3447C931194FFDDB00485A12 /* MBCheckMarkView.m in Sources */,
				3447C932194FFDDB00485A12 /* MBSpinningCircle.m in Sources */,
				3447C933194FFDDB00485A12 /* NotiView.m in Sources */,
				3447C934194FFDDB00485A12 /* NSTimer+Blocks.m in Sources */,
				3447C935194FFDDB00485A12 /* ODRefreshControl.m in Sources */,
				3447C939194FFDDB00485A12 /* NSDate+CalendarHelper.m in Sources */,
				3447C93A194FFDDB00485A12 /* OKCalendarBackgroundView.m in Sources */,
				3447C93B194FFDDB00485A12 /* OKCalendarView.m in Sources */,
				3447C93C194FFDDB00485A12 /* OKDaysView.m in Sources */,
				3447C93D194FFDDB00485A12 /* OKDimmingView.m in Sources */,
				3447C93E194FFDDB00485A12 /* OKPeriod.m in Sources */,
				3447C93F194FFDDB00485A12 /* OKPopoverCalendarController.m in Sources */,
				3447C940194FFDDB00485A12 /* OKSelectionView.m in Sources */,
				3447C941194FFDDB00485A12 /* OKThemeEngine.m in Sources */,
				3447C942194FFDDB00485A12 /* OKThemeShadow.m in Sources */,
				3447C943194FFDDB00485A12 /* TSMessage.m in Sources */,
				3447C944194FFDDB00485A12 /* UIColor+MLColorAdditions.m in Sources */,
				3447C956194FFDDB00485A12 /* TSMessageView.m in Sources */,
			);
			runOnlyForDeploymentPostprocessing = 0;
		};
/* End PBXSourcesBuildPhase section */

/* Begin PBXVariantGroup section */
		3447C88A194FFDB100485A12 /* InfoPlist.strings */ = {
			isa = PBXVariantGroup;
			children = (
				3447C88B194FFDB100485A12 /* en */,
			);
			name = InfoPlist.strings;
			sourceTree = "<group>";
		};
		3447C88C194FFDB100485A12 /* Localizable.strings */ = {
			isa = PBXVariantGroup;
			children = (
				3447C88D194FFDB100485A12 /* en */,
			);
			name = Localizable.strings;
			sourceTree = "<group>";
		};
		3447C88E194FFDB100485A12 /* MasterViewController.xib */ = {
			isa = PBXVariantGroup;
			children = (
				3447C88F194FFDB100485A12 /* en */,
			);
			name = MasterViewController.xib;
			sourceTree = "<group>";
		};
		3447C8AF194FFDDB00485A12 /* InfoPlist.strings */ = {
			isa = PBXVariantGroup;
			children = (
				3447C8B0194FFDDB00485A12 /* ja */,
			);
			name = InfoPlist.strings;
			sourceTree = "<group>";
		};
		3447C8B1194FFDDB00485A12 /* Localizable.strings */ = {
			isa = PBXVariantGroup;
			children = (
				3447C8B2194FFDDB00485A12 /* ja */,
			);
			name = Localizable.strings;
			sourceTree = "<group>";
		};
		3447C8B3194FFDDB00485A12 /* MasterViewController.xib */ = {
			isa = PBXVariantGroup;
			children = (
				3447C8B4194FFDDB00485A12 /* ja */,
			);
			name = MasterViewController.xib;
			sourceTree = "<group>";
		};
		3447C8BD194FFDDB00485A12 /* AppiraterLocalizable.strings */ = {
			isa = PBXVariantGroup;
			children = (
				3447C8BE194FFDDB00485A12 /* en */,
				3447C8BF194FFDDB00485A12 /* ja */,
			);
			name = AppiraterLocalizable.strings;
			sourceTree = "<group>";
		};
		349292471738E9C600AF537C /* InfoPlist.strings */ = {
			isa = PBXVariantGroup;
			children = (
				349292481738E9C600AF537C /* en */,
				349B1515174DC9EF004DA294 /* ja */,
			);
			name = InfoPlist.strings;
			sourceTree = "<group>";
		};
		3492925C1738E9C700AF537C /* MasterViewController.xib */ = {
			isa = PBXVariantGroup;
			children = (
				3492925D1738E9C700AF537C /* en */,
				349B1514174DC9EF004DA294 /* ja */,
			);
			name = MasterViewController.xib;
			sourceTree = "<group>";
		};
		349B151A174DCAC0004DA294 /* Localizable.strings */ = {
			isa = PBXVariantGroup;
			children = (
				349B1519174DCAC0004DA294 /* en */,
				349B151B174DCAC3004DA294 /* ja */,
			);
			name = Localizable.strings;
			sourceTree = "<group>";
		};
/* End PBXVariantGroup section */

/* Begin XCBuildConfiguration section */
		349292621738E9C700AF537C /* Debug */ = {
			isa = XCBuildConfiguration;
			buildSettings = {
				ALWAYS_SEARCH_USER_PATHS = NO;
				CLANG_CXX_LANGUAGE_STANDARD = "gnu++0x";
				CLANG_CXX_LIBRARY = "libc++";
				CLANG_ENABLE_OBJC_ARC = YES;
				CLANG_WARN_CONSTANT_CONVERSION = YES;
				CLANG_WARN_EMPTY_BODY = YES;
				CLANG_WARN_ENUM_CONVERSION = YES;
				CLANG_WARN_INT_CONVERSION = YES;
				CLANG_WARN__DUPLICATE_METHOD_MATCH = YES;
				"CODE_SIGN_IDENTITY[sdk=iphoneos*]" = "iPhone Developer";
				COPY_PHASE_STRIP = NO;
				GCC_C_LANGUAGE_STANDARD = gnu99;
				GCC_DYNAMIC_NO_PIC = NO;
				GCC_OPTIMIZATION_LEVEL = 0;
				GCC_PREPROCESSOR_DEFINITIONS = (
					"DEBUG=1",
					"$(inherited)",
				);
				GCC_SYMBOLS_PRIVATE_EXTERN = NO;
				GCC_WARN_ABOUT_RETURN_TYPE = YES;
				GCC_WARN_UNINITIALIZED_AUTOS = YES;
				GCC_WARN_UNUSED_VARIABLE = YES;
				IPHONEOS_DEPLOYMENT_TARGET = 4.3;
				ONLY_ACTIVE_ARCH = YES;
				SDKROOT = iphoneos;
			};
			name = Debug;
		};
		349292631738E9C700AF537C /* Release */ = {
			isa = XCBuildConfiguration;
			buildSettings = {
				ALWAYS_SEARCH_USER_PATHS = NO;
				CLANG_CXX_LANGUAGE_STANDARD = "gnu++0x";
				CLANG_CXX_LIBRARY = "libc++";
				CLANG_ENABLE_OBJC_ARC = YES;
				CLANG_WARN_CONSTANT_CONVERSION = YES;
				CLANG_WARN_EMPTY_BODY = YES;
				CLANG_WARN_ENUM_CONVERSION = YES;
				CLANG_WARN_INT_CONVERSION = YES;
				CLANG_WARN__DUPLICATE_METHOD_MATCH = YES;
				"CODE_SIGN_IDENTITY[sdk=iphoneos*]" = "iPhone Developer";
				COPY_PHASE_STRIP = YES;
				GCC_C_LANGUAGE_STANDARD = gnu99;
				GCC_WARN_ABOUT_RETURN_TYPE = YES;
				GCC_WARN_UNINITIALIZED_AUTOS = YES;
				GCC_WARN_UNUSED_VARIABLE = YES;
				IPHONEOS_DEPLOYMENT_TARGET = 4.3;
				OTHER_CFLAGS = "-DNS_BLOCK_ASSERTIONS=1";
				SDKROOT = iphoneos;
				VALIDATE_PRODUCT = YES;
			};
			name = Release;
		};
		349292651738E9C700AF537C /* Debug */ = {
			isa = XCBuildConfiguration;
			buildSettings = {
				CODE_SIGN_IDENTITY = "iPhone Developer";
				GCC_PRECOMPILE_PREFIX_HEADER = YES;
				GCC_PREFIX_HEADER = "contract/contract-Prefix.pch";
				INFOPLIST_FILE = "contract/contract-Info.plist";
				IPHONEOS_DEPLOYMENT_TARGET = 4.3;
				PRODUCT_NAME = "$(TARGET_NAME)";
				PROVISIONING_PROFILE = "";
				TARGETED_DEVICE_FAMILY = "1,2";
				WRAPPER_EXTENSION = app;
			};
			name = Debug;
		};
		349292661738E9C700AF537C /* Release */ = {
			isa = XCBuildConfiguration;
			buildSettings = {
				CODE_SIGN_IDENTITY = "iPhone Developer";
				GCC_PRECOMPILE_PREFIX_HEADER = YES;
				GCC_PREFIX_HEADER = "contract/contract-Prefix.pch";
				INFOPLIST_FILE = "contract/contract-Info.plist";
				IPHONEOS_DEPLOYMENT_TARGET = 4.3;
				PRODUCT_NAME = "$(TARGET_NAME)";
				PROVISIONING_PROFILE = "";
				TARGETED_DEVICE_FAMILY = "1,2";
				WRAPPER_EXTENSION = app;
			};
			name = Release;
		};
/* End XCBuildConfiguration section */

/* Begin XCConfigurationList section */
		349292361738E9C600AF537C /* Build configuration list for PBXProject "contract" */ = {
			isa = XCConfigurationList;
			buildConfigurations = (
				349292621738E9C700AF537C /* Debug */,
				349292631738E9C700AF537C /* Release */,
			);
			defaultConfigurationIsVisible = 0;
			defaultConfigurationName = Release;
		};
		349292641738E9C700AF537C /* Build configuration list for PBXNativeTarget "contract" */ = {
			isa = XCConfigurationList;
			buildConfigurations = (
				349292651738E9C700AF537C /* Debug */,
				349292661738E9C700AF537C /* Release */,
			);
			defaultConfigurationIsVisible = 0;
			defaultConfigurationName = Release;
		};
/* End XCConfigurationList section */
	};
	rootObject = 349292331738E9C600AF537C /* Project object */;
}
